// !$*UTF8*$!
{
	archiveVersion = 1;
	classes = {
	};
	objectVersion = 77;
	objects = {

/* Begin PBXBuildFile section */
		117BC8652D6C714500F91DA0 /* BarcodeScanResult.swift in Sources */ = {isa = PBXBuildFile; fileRef = 117BC85C2D6C714500F91DA0 /* BarcodeScanResult.swift */; };
		117BC8662D6C714500F91DA0 /* BarcodeScannerViewController.swift in Sources */ = {isa = PBXBuildFile; fileRef = 117BC85B2D6C714500F91DA0 /* BarcodeScannerViewController.swift */; };
		117BC8672D6C714500F91DA0 /* BarcodeScannerConfig.swift in Sources */ = {isa = PBXBuildFile; fileRef = 117BC85A2D6C714500F91DA0 /* BarcodeScannerConfig.swift */; };
		117BC8682D6C714500F91DA0 /* ReadMultipleBarcodes.json in Resources */ = {isa = PBXBuildFile; fileRef = 117BC85F2D6C714500F91DA0 /* ReadMultipleBarcodes.json */; };
		117BC8692D6C714500F91DA0 /* Media.xcassets in Resources */ = {isa = PBXBuildFile; fileRef = 117BC85E2D6C714500F91DA0 /* Media.xcassets */; };
		117BC86F2D6C71C300F91DA0 /* DynamsoftBarcodeReaderBundle.framework in Frameworks */ = {isa = PBXBuildFile; fileRef = 117BC86D2D6C714500F91DA0 /* DynamsoftBarcodeReaderBundle.framework */; };
		117BC8702D6C71C300F91DA0 /* DynamsoftBarcodeReaderBundle.framework in Embed Frameworks */ = {isa = PBXBuildFile; fileRef = 117BC86D2D6C714500F91DA0 /* DynamsoftBarcodeReaderBundle.framework */; settings = {ATTRIBUTES = (CodeSignOnCopy, RemoveHeadersOnCopy, ); }; };
		117BC8812D6D4D7500F91DA0 /* DynamsoftBarcodeReader in Frameworks */ = {isa = PBXBuildFile; productRef = 117BC8802D6D4D7500F91DA0 /* DynamsoftBarcodeReader */; };
		117BC8852D6D4D7500F91DA0 /* DynamsoftCameraEnhancer in Frameworks */ = {isa = PBXBuildFile; productRef = 117BC8842D6D4D7500F91DA0 /* DynamsoftCameraEnhancer */; };
		117BC8872D6D4D7500F91DA0 /* DynamsoftCaptureVisionRouter in Frameworks */ = {isa = PBXBuildFile; productRef = 117BC8862D6D4D7500F91DA0 /* DynamsoftCaptureVisionRouter */; };
		117BC8892D6D4D7500F91DA0 /* DynamsoftCore in Frameworks */ = {isa = PBXBuildFile; productRef = 117BC8882D6D4D7500F91DA0 /* DynamsoftCore */; };
		117BC88B2D6D4D7500F91DA0 /* DynamsoftImageProcessing in Frameworks */ = {isa = PBXBuildFile; productRef = 117BC88A2D6D4D7500F91DA0 /* DynamsoftImageProcessing */; };
		117BC88D2D6D4D7500F91DA0 /* DynamsoftLicense in Frameworks */ = {isa = PBXBuildFile; productRef = 117BC88C2D6D4D7500F91DA0 /* DynamsoftLicense */; };
		117BC88F2D6D4D7500F91DA0 /* DynamsoftUtility in Frameworks */ = {isa = PBXBuildFile; productRef = 117BC88E2D6D4D7500F91DA0 /* DynamsoftUtility */; };
/* End PBXBuildFile section */

/* Begin PBXContainerItemProxy section */
		117BC86C2D6C714500F91DA0 /* PBXContainerItemProxy */ = {
			isa = PBXContainerItemProxy;
			containerPortal = 117BC8612D6C714500F91DA0 /* DynamsoftBarcodeReaderBundle.xcodeproj */;
			proxyType = 2;
			remoteGlobalIDString = 1DC845D52CEB04AE00998CCD;
			remoteInfo = DynamsoftBarcodeReaderBundle;
		};
/* End PBXContainerItemProxy section */

/* Begin PBXCopyFilesBuildPhase section */
		117BC8712D6C71C400F91DA0 /* Embed Frameworks */ = {
			isa = PBXCopyFilesBuildPhase;
			buildActionMask = 2147483647;
			dstPath = "";
			dstSubfolderSpec = 10;
			files = (
				117BC8702D6C71C300F91DA0 /* DynamsoftBarcodeReaderBundle.framework in Embed Frameworks */,
			);
			name = "Embed Frameworks";
			runOnlyForDeploymentPostprocessing = 0;
		};
/* End PBXCopyFilesBuildPhase section */

/* Begin PBXFileReference section */
		113ADDE62D6C6FE60009EC64 /* DynamsoftBarcodeReaderBundle.xcodeproj */ = {isa = PBXFileReference; lastKnownFileType = "wrapper.pb-project"; path = DynamsoftBarcodeReaderBundle.xcodeproj; sourceTree = "<group>"; };
		1143B68D2D6C4E380097CEE7 /* BarcodeScanner.app */ = {isa = PBXFileReference; explicitFileType = wrapper.application; includeInIndex = 0; path = BarcodeScanner.app; sourceTree = BUILT_PRODUCTS_DIR; };
		117BC85A2D6C714500F91DA0 /* BarcodeScannerConfig.swift */ = {isa = PBXFileReference; lastKnownFileType = sourcecode.swift; path = BarcodeScannerConfig.swift; sourceTree = "<group>"; };
		117BC85B2D6C714500F91DA0 /* BarcodeScannerViewController.swift */ = {isa = PBXFileReference; lastKnownFileType = sourcecode.swift; path = BarcodeScannerViewController.swift; sourceTree = "<group>"; };
		117BC85C2D6C714500F91DA0 /* BarcodeScanResult.swift */ = {isa = PBXFileReference; lastKnownFileType = sourcecode.swift; path = BarcodeScanResult.swift; sourceTree = "<group>"; };
		117BC85D2D6C714500F91DA0 /* DynamsoftBarcodeReaderBundle.h */ = {isa = PBXFileReference; lastKnownFileType = sourcecode.c.h; path = DynamsoftBarcodeReaderBundle.h; sourceTree = "<group>"; };
		117BC85E2D6C714500F91DA0 /* Media.xcassets */ = {isa = PBXFileReference; lastKnownFileType = folder.assetcatalog; path = Media.xcassets; sourceTree = "<group>"; };
		117BC85F2D6C714500F91DA0 /* ReadMultipleBarcodes.json */ = {isa = PBXFileReference; lastKnownFileType = text.json; path = ReadMultipleBarcodes.json; sourceTree = "<group>"; };
		117BC8612D6C714500F91DA0 /* DynamsoftBarcodeReaderBundle.xcodeproj */ = {isa = PBXFileReference; lastKnownFileType = "wrapper.pb-project"; path = DynamsoftBarcodeReaderBundle.xcodeproj; sourceTree = "<group>"; };
/* End PBXFileReference section */

/* Begin PBXFileSystemSynchronizedRootGroup section */
		1143B68F2D6C4E380097CEE7 /* BarcodeScanner */ = {
			isa = PBXFileSystemSynchronizedRootGroup;
			path = BarcodeScanner;
			sourceTree = "<group>";
		};
/* End PBXFileSystemSynchronizedRootGroup section */

/* Begin PBXFrameworksBuildPhase section */
		1143B68A2D6C4E380097CEE7 /* Frameworks */ = {
			isa = PBXFrameworksBuildPhase;
			buildActionMask = 2147483647;
			files = (
				117BC88D2D6D4D7500F91DA0 /* DynamsoftLicense in Frameworks */,
				117BC8812D6D4D7500F91DA0 /* DynamsoftBarcodeReader in Frameworks */,
				117BC8852D6D4D7500F91DA0 /* DynamsoftCameraEnhancer in Frameworks */,
				117BC88B2D6D4D7500F91DA0 /* DynamsoftImageProcessing in Frameworks */,
				117BC88F2D6D4D7500F91DA0 /* DynamsoftUtility in Frameworks */,
				117BC8892D6D4D7500F91DA0 /* DynamsoftCore in Frameworks */,
				117BC86F2D6C71C300F91DA0 /* DynamsoftBarcodeReaderBundle.framework in Frameworks */,
				117BC8872D6D4D7500F91DA0 /* DynamsoftCaptureVisionRouter in Frameworks */,
			);
			runOnlyForDeploymentPostprocessing = 0;
		};
/* End PBXFrameworksBuildPhase section */

/* Begin PBXGroup section */
		113ADDE72D6C6FE60009EC64 /* Products */ = {
			isa = PBXGroup;
			children = (
			);
			name = Products;
			sourceTree = "<group>";
		};
		1143B6842D6C4E380097CEE7 = {
			isa = PBXGroup;
			children = (
				117BC8622D6C714500F91DA0 /* dbrbundle */,
				1143B68F2D6C4E380097CEE7 /* BarcodeScanner */,
				117BC86E2D6C71C300F91DA0 /* Frameworks */,
				1143B68E2D6C4E380097CEE7 /* Products */,
			);
			sourceTree = "<group>";
		};
		1143B68E2D6C4E380097CEE7 /* Products */ = {
			isa = PBXGroup;
			children = (
				1143B68D2D6C4E380097CEE7 /* BarcodeScanner.app */,
			);
			name = Products;
			sourceTree = "<group>";
		};
		117BC8602D6C714500F91DA0 /* DynamsoftBarcodeReaderBundle */ = {
			isa = PBXGroup;
			children = (
				117BC85A2D6C714500F91DA0 /* BarcodeScannerConfig.swift */,
				117BC85B2D6C714500F91DA0 /* BarcodeScannerViewController.swift */,
				117BC85C2D6C714500F91DA0 /* BarcodeScanResult.swift */,
				117BC85D2D6C714500F91DA0 /* DynamsoftBarcodeReaderBundle.h */,
				117BC85E2D6C714500F91DA0 /* Media.xcassets */,
				117BC85F2D6C714500F91DA0 /* ReadMultipleBarcodes.json */,
			);
			path = DynamsoftBarcodeReaderBundle;
			sourceTree = "<group>";
		};
		117BC8622D6C714500F91DA0 /* dbrbundle */ = {
			isa = PBXGroup;
			children = (
				117BC8602D6C714500F91DA0 /* DynamsoftBarcodeReaderBundle */,
				117BC8612D6C714500F91DA0 /* DynamsoftBarcodeReaderBundle.xcodeproj */,
			);
			name = dbrbundle;
			path = ../dbrbundle;
			sourceTree = SOURCE_ROOT;
		};
		117BC8632D6C714500F91DA0 /* Products */ = {
			isa = PBXGroup;
			children = (
				117BC86D2D6C714500F91DA0 /* DynamsoftBarcodeReaderBundle.framework */,
			);
			name = Products;
			sourceTree = "<group>";
		};
		117BC86E2D6C71C300F91DA0 /* Frameworks */ = {
			isa = PBXGroup;
			children = (
			);
			name = Frameworks;
			sourceTree = "<group>";
		};
/* End PBXGroup section */

/* Begin PBXNativeTarget section */
		1143B68C2D6C4E380097CEE7 /* BarcodeScanner */ = {
			isa = PBXNativeTarget;
			buildConfigurationList = 1143B69B2D6C4E390097CEE7 /* Build configuration list for PBXNativeTarget "BarcodeScanner" */;
			buildPhases = (
				1143B6892D6C4E380097CEE7 /* Sources */,
				1143B68A2D6C4E380097CEE7 /* Frameworks */,
				1143B68B2D6C4E380097CEE7 /* Resources */,
				117BC8712D6C71C400F91DA0 /* Embed Frameworks */,
			);
			buildRules = (
			);
			dependencies = (
			);
			fileSystemSynchronizedGroups = (
				1143B68F2D6C4E380097CEE7 /* BarcodeScanner */,
			);
			name = BarcodeScanner;
			packageProductDependencies = (
				117BC8802D6D4D7500F91DA0 /* DynamsoftBarcodeReader */,
				117BC8842D6D4D7500F91DA0 /* DynamsoftCameraEnhancer */,
				117BC8862D6D4D7500F91DA0 /* DynamsoftCaptureVisionRouter */,
				117BC8882D6D4D7500F91DA0 /* DynamsoftCore */,
				117BC88A2D6D4D7500F91DA0 /* DynamsoftImageProcessing */,
				117BC88C2D6D4D7500F91DA0 /* DynamsoftLicense */,
				117BC88E2D6D4D7500F91DA0 /* DynamsoftUtility */,
			);
			productName = BarcodeScanner;
			productReference = 1143B68D2D6C4E380097CEE7 /* BarcodeScanner.app */;
			productType = "com.apple.product-type.application";
		};
/* End PBXNativeTarget section */

/* Begin PBXProject section */
		1143B6852D6C4E380097CEE7 /* Project object */ = {
			isa = PBXProject;
			attributes = {
				BuildIndependentTargetsInParallel = 1;
				LastSwiftUpdateCheck = 1620;
				LastUpgradeCheck = 1620;
				TargetAttributes = {
					1143B68C2D6C4E380097CEE7 = {
						CreatedOnToolsVersion = 16.2;
					};
				};
			};
			buildConfigurationList = 1143B6882D6C4E380097CEE7 /* Build configuration list for PBXProject "BarcodeScanner" */;
			developmentRegion = en;
			hasScannedForEncodings = 0;
			knownRegions = (
				en,
				Base,
			);
			mainGroup = 1143B6842D6C4E380097CEE7;
			minimizedProjectReferenceProxies = 1;
			packageReferences = (
				1143B6B02D6C50B20097CEE7 /* XCRemoteSwiftPackageReference "barcode-reader-spm" */,
			);
			preferredProjectObjectVersion = 77;
			productRefGroup = 1143B68E2D6C4E380097CEE7 /* Products */;
			projectDirPath = "";
			projectReferences = (
				{
					ProductGroup = 113ADDE72D6C6FE60009EC64 /* Products */;
					ProjectRef = 113ADDE62D6C6FE60009EC64 /* DynamsoftBarcodeReaderBundle.xcodeproj */;
				},
				{
					ProductGroup = 117BC8632D6C714500F91DA0 /* Products */;
					ProjectRef = 117BC8612D6C714500F91DA0 /* DynamsoftBarcodeReaderBundle.xcodeproj */;
				},
			);
			projectRoot = "";
			targets = (
				1143B68C2D6C4E380097CEE7 /* BarcodeScanner */,
			);
		};
/* End PBXProject section */

/* Begin PBXReferenceProxy section */
		117BC86D2D6C714500F91DA0 /* DynamsoftBarcodeReaderBundle.framework */ = {
			isa = PBXReferenceProxy;
			fileType = wrapper.framework;
			path = DynamsoftBarcodeReaderBundle.framework;
			remoteRef = 117BC86C2D6C714500F91DA0 /* PBXContainerItemProxy */;
			sourceTree = BUILT_PRODUCTS_DIR;
		};
/* End PBXReferenceProxy section */

/* Begin PBXResourcesBuildPhase section */
		1143B68B2D6C4E380097CEE7 /* Resources */ = {
			isa = PBXResourcesBuildPhase;
			buildActionMask = 2147483647;
			files = (
				117BC8682D6C714500F91DA0 /* ReadMultipleBarcodes.json in Resources */,
				117BC8692D6C714500F91DA0 /* Media.xcassets in Resources */,
			);
			runOnlyForDeploymentPostprocessing = 0;
		};
/* End PBXResourcesBuildPhase section */

/* Begin PBXSourcesBuildPhase section */
		1143B6892D6C4E380097CEE7 /* Sources */ = {
			isa = PBXSourcesBuildPhase;
			buildActionMask = 2147483647;
			files = (
				117BC8652D6C714500F91DA0 /* BarcodeScanResult.swift in Sources */,
				117BC8662D6C714500F91DA0 /* BarcodeScannerViewController.swift in Sources */,
				117BC8672D6C714500F91DA0 /* BarcodeScannerConfig.swift in Sources */,
			);
			runOnlyForDeploymentPostprocessing = 0;
		};
/* End PBXSourcesBuildPhase section */

/* Begin XCBuildConfiguration section */
		1143B6992D6C4E390097CEE7 /* Debug */ = {
			isa = XCBuildConfiguration;
			buildSettings = {
				ALWAYS_SEARCH_USER_PATHS = NO;
				ASSETCATALOG_COMPILER_GENERATE_SWIFT_ASSET_SYMBOL_EXTENSIONS = YES;
				CLANG_ANALYZER_NONNULL = YES;
				CLANG_ANALYZER_NUMBER_OBJECT_CONVERSION = YES_AGGRESSIVE;
				CLANG_CXX_LANGUAGE_STANDARD = "gnu++20";
				CLANG_ENABLE_MODULES = YES;
				CLANG_ENABLE_OBJC_ARC = YES;
				CLANG_ENABLE_OBJC_WEAK = YES;
				CLANG_WARN_BLOCK_CAPTURE_AUTORELEASING = YES;
				CLANG_WARN_BOOL_CONVERSION = YES;
				CLANG_WARN_COMMA = YES;
				CLANG_WARN_CONSTANT_CONVERSION = YES;
				CLANG_WARN_DEPRECATED_OBJC_IMPLEMENTATIONS = YES;
				CLANG_WARN_DIRECT_OBJC_ISA_USAGE = YES_ERROR;
				CLANG_WARN_DOCUMENTATION_COMMENTS = YES;
				CLANG_WARN_EMPTY_BODY = YES;
				CLANG_WARN_ENUM_CONVERSION = YES;
				CLANG_WARN_INFINITE_RECURSION = YES;
				CLANG_WARN_INT_CONVERSION = YES;
				CLANG_WARN_NON_LITERAL_NULL_CONVERSION = YES;
				CLANG_WARN_OBJC_IMPLICIT_RETAIN_SELF = YES;
				CLANG_WARN_OBJC_LITERAL_CONVERSION = YES;
				CLANG_WARN_OBJC_ROOT_CLASS = YES_ERROR;
				CLANG_WARN_QUOTED_INCLUDE_IN_FRAMEWORK_HEADER = YES;
				CLANG_WARN_RANGE_LOOP_ANALYSIS = YES;
				CLANG_WARN_STRICT_PROTOTYPES = YES;
				CLANG_WARN_SUSPICIOUS_MOVE = YES;
				CLANG_WARN_UNGUARDED_AVAILABILITY = YES_AGGRESSIVE;
				CLANG_WARN_UNREACHABLE_CODE = YES;
				CLANG_WARN__DUPLICATE_METHOD_MATCH = YES;
				COPY_PHASE_STRIP = NO;
				DEBUG_INFORMATION_FORMAT = dwarf;
				ENABLE_STRICT_OBJC_MSGSEND = YES;
				ENABLE_TESTABILITY = YES;
				ENABLE_USER_SCRIPT_SANDBOXING = YES;
				GCC_C_LANGUAGE_STANDARD = gnu17;
				GCC_DYNAMIC_NO_PIC = NO;
				GCC_NO_COMMON_BLOCKS = YES;
				GCC_OPTIMIZATION_LEVEL = 0;
				GCC_PREPROCESSOR_DEFINITIONS = (
					"DEBUG=1",
					"$(inherited)",
				);
				GCC_WARN_64_TO_32_BIT_CONVERSION = YES;
				GCC_WARN_ABOUT_RETURN_TYPE = YES_ERROR;
				GCC_WARN_UNDECLARED_SELECTOR = YES;
				GCC_WARN_UNINITIALIZED_AUTOS = YES_AGGRESSIVE;
				GCC_WARN_UNUSED_FUNCTION = YES;
				GCC_WARN_UNUSED_VARIABLE = YES;
				IPHONEOS_DEPLOYMENT_TARGET = 18.2;
				LOCALIZATION_PREFERS_STRING_CATALOGS = YES;
				MTL_ENABLE_DEBUG_INFO = INCLUDE_SOURCE;
				MTL_FAST_MATH = YES;
				ONLY_ACTIVE_ARCH = YES;
				SDKROOT = iphoneos;
				SWIFT_ACTIVE_COMPILATION_CONDITIONS = "DEBUG $(inherited)";
				SWIFT_OPTIMIZATION_LEVEL = "-Onone";
			};
			name = Debug;
		};
		1143B69A2D6C4E390097CEE7 /* Release */ = {
			isa = XCBuildConfiguration;
			buildSettings = {
				ALWAYS_SEARCH_USER_PATHS = NO;
				ASSETCATALOG_COMPILER_GENERATE_SWIFT_ASSET_SYMBOL_EXTENSIONS = YES;
				CLANG_ANALYZER_NONNULL = YES;
				CLANG_ANALYZER_NUMBER_OBJECT_CONVERSION = YES_AGGRESSIVE;
				CLANG_CXX_LANGUAGE_STANDARD = "gnu++20";
				CLANG_ENABLE_MODULES = YES;
				CLANG_ENABLE_OBJC_ARC = YES;
				CLANG_ENABLE_OBJC_WEAK = YES;
				CLANG_WARN_BLOCK_CAPTURE_AUTORELEASING = YES;
				CLANG_WARN_BOOL_CONVERSION = YES;
				CLANG_WARN_COMMA = YES;
				CLANG_WARN_CONSTANT_CONVERSION = YES;
				CLANG_WARN_DEPRECATED_OBJC_IMPLEMENTATIONS = YES;
				CLANG_WARN_DIRECT_OBJC_ISA_USAGE = YES_ERROR;
				CLANG_WARN_DOCUMENTATION_COMMENTS = YES;
				CLANG_WARN_EMPTY_BODY = YES;
				CLANG_WARN_ENUM_CONVERSION = YES;
				CLANG_WARN_INFINITE_RECURSION = YES;
				CLANG_WARN_INT_CONVERSION = YES;
				CLANG_WARN_NON_LITERAL_NULL_CONVERSION = YES;
				CLANG_WARN_OBJC_IMPLICIT_RETAIN_SELF = YES;
				CLANG_WARN_OBJC_LITERAL_CONVERSION = YES;
				CLANG_WARN_OBJC_ROOT_CLASS = YES_ERROR;
				CLANG_WARN_QUOTED_INCLUDE_IN_FRAMEWORK_HEADER = YES;
				CLANG_WARN_RANGE_LOOP_ANALYSIS = YES;
				CLANG_WARN_STRICT_PROTOTYPES = YES;
				CLANG_WARN_SUSPICIOUS_MOVE = YES;
				CLANG_WARN_UNGUARDED_AVAILABILITY = YES_AGGRESSIVE;
				CLANG_WARN_UNREACHABLE_CODE = YES;
				CLANG_WARN__DUPLICATE_METHOD_MATCH = YES;
				COPY_PHASE_STRIP = NO;
				DEBUG_INFORMATION_FORMAT = "dwarf-with-dsym";
				ENABLE_NS_ASSERTIONS = NO;
				ENABLE_STRICT_OBJC_MSGSEND = YES;
				ENABLE_USER_SCRIPT_SANDBOXING = YES;
				GCC_C_LANGUAGE_STANDARD = gnu17;
				GCC_NO_COMMON_BLOCKS = YES;
				GCC_WARN_64_TO_32_BIT_CONVERSION = YES;
				GCC_WARN_ABOUT_RETURN_TYPE = YES_ERROR;
				GCC_WARN_UNDECLARED_SELECTOR = YES;
				GCC_WARN_UNINITIALIZED_AUTOS = YES_AGGRESSIVE;
				GCC_WARN_UNUSED_FUNCTION = YES;
				GCC_WARN_UNUSED_VARIABLE = YES;
				IPHONEOS_DEPLOYMENT_TARGET = 18.2;
				LOCALIZATION_PREFERS_STRING_CATALOGS = YES;
				MTL_ENABLE_DEBUG_INFO = NO;
				MTL_FAST_MATH = YES;
				SDKROOT = iphoneos;
				SWIFT_COMPILATION_MODE = wholemodule;
				VALIDATE_PRODUCT = YES;
			};
			name = Release;
		};
		1143B69C2D6C4E390097CEE7 /* Debug */ = {
			isa = XCBuildConfiguration;
			buildSettings = {
				ASSETCATALOG_COMPILER_APPICON_NAME = AppIcon;
				ASSETCATALOG_COMPILER_GLOBAL_ACCENT_COLOR_NAME = AccentColor;
				CODE_SIGN_STYLE = Automatic;
				CURRENT_PROJECT_VERSION = 1;
				DEVELOPMENT_ASSET_PATHS = "\"BarcodeScanner/Preview Content\"";
				DEVELOPMENT_TEAM = W6PESGXW9M;
				ENABLE_PREVIEWS = YES;
				GENERATE_INFOPLIST_FILE = YES;
				INFOPLIST_KEY_NSCameraUsageDescription = "access camera";
				INFOPLIST_KEY_UIApplicationSceneManifest_Generation = YES;
				INFOPLIST_KEY_UIApplicationSupportsIndirectInputEvents = YES;
				INFOPLIST_KEY_UILaunchScreen_Generation = YES;
				INFOPLIST_KEY_UISupportedInterfaceOrientations_iPad = "UIInterfaceOrientationPortrait UIInterfaceOrientationPortraitUpsideDown UIInterfaceOrientationLandscapeLeft UIInterfaceOrientationLandscapeRight";
				INFOPLIST_KEY_UISupportedInterfaceOrientations_iPhone = "UIInterfaceOrientationPortrait UIInterfaceOrientationLandscapeLeft UIInterfaceOrientationLandscapeRight";
				LD_RUNPATH_SEARCH_PATHS = (
					"$(inherited)",
					"@executable_path/Frameworks",
				);
				MARKETING_VERSION = 1.0;
				PRODUCT_BUNDLE_IDENTIFIER = com.yushulx.BarcodeScanner;
				PRODUCT_NAME = "$(TARGET_NAME)";
				SWIFT_EMIT_LOC_STRINGS = YES;
				SWIFT_VERSION = 5.0;
				TARGETED_DEVICE_FAMILY = "1,2";
			};
			name = Debug;
		};
		1143B69D2D6C4E390097CEE7 /* Release */ = {
			isa = XCBuildConfiguration;
			buildSettings = {
				ASSETCATALOG_COMPILER_APPICON_NAME = AppIcon;
				ASSETCATALOG_COMPILER_GLOBAL_ACCENT_COLOR_NAME = AccentColor;
				CODE_SIGN_STYLE = Automatic;
				CURRENT_PROJECT_VERSION = 1;
				DEVELOPMENT_ASSET_PATHS = "\"BarcodeScanner/Preview Content\"";
				DEVELOPMENT_TEAM = W6PESGXW9M;
				ENABLE_PREVIEWS = YES;
				GENERATE_INFOPLIST_FILE = YES;
				INFOPLIST_KEY_NSCameraUsageDescription = "access camera";
				INFOPLIST_KEY_UIApplicationSceneManifest_Generation = YES;
				INFOPLIST_KEY_UIApplicationSupportsIndirectInputEvents = YES;
				INFOPLIST_KEY_UILaunchScreen_Generation = YES;
				INFOPLIST_KEY_UISupportedInterfaceOrientations_iPad = "UIInterfaceOrientationPortrait UIInterfaceOrientationPortraitUpsideDown UIInterfaceOrientationLandscapeLeft UIInterfaceOrientationLandscapeRight";
				INFOPLIST_KEY_UISupportedInterfaceOrientations_iPhone = "UIInterfaceOrientationPortrait UIInterfaceOrientationLandscapeLeft UIInterfaceOrientationLandscapeRight";
				LD_RUNPATH_SEARCH_PATHS = (
					"$(inherited)",
					"@executable_path/Frameworks",
				);
				MARKETING_VERSION = 1.0;
				PRODUCT_BUNDLE_IDENTIFIER = com.yushulx.BarcodeScanner;
				PRODUCT_NAME = "$(TARGET_NAME)";
				SWIFT_EMIT_LOC_STRINGS = YES;
				SWIFT_VERSION = 5.0;
				TARGETED_DEVICE_FAMILY = "1,2";
			};
			name = Release;
		};
/* End XCBuildConfiguration section */

/* Begin XCConfigurationList section */
		1143B6882D6C4E380097CEE7 /* Build configuration list for PBXProject "BarcodeScanner" */ = {
			isa = XCConfigurationList;
			buildConfigurations = (
				1143B6992D6C4E390097CEE7 /* Debug */,
				1143B69A2D6C4E390097CEE7 /* Release */,
			);
			defaultConfigurationIsVisible = 0;
			defaultConfigurationName = Release;
		};
		1143B69B2D6C4E390097CEE7 /* Build configuration list for PBXNativeTarget "BarcodeScanner" */ = {
			isa = XCConfigurationList;
			buildConfigurations = (
				1143B69C2D6C4E390097CEE7 /* Debug */,
				1143B69D2D6C4E390097CEE7 /* Release */,
			);
			defaultConfigurationIsVisible = 0;
			defaultConfigurationName = Release;
		};
/* End XCConfigurationList section */

/* Begin XCRemoteSwiftPackageReference section */
		1143B6B02D6C50B20097CEE7 /* XCRemoteSwiftPackageReference "barcode-reader-spm" */ = {
			isa = XCRemoteSwiftPackageReference;
			repositoryURL = "https://github.com/Dynamsoft/barcode-reader-spm";
			requirement = {
				kind = upToNextMajorVersion;
				minimumVersion = 10.4.3001;
			};
		};
/* End XCRemoteSwiftPackageReference section */

/* Begin XCSwiftPackageProductDependency section */
		117BC8802D6D4D7500F91DA0 /* DynamsoftBarcodeReader */ = {
			isa = XCSwiftPackageProductDependency;
			package = 1143B6B02D6C50B20097CEE7 /* XCRemoteSwiftPackageReference "barcode-reader-spm" */;
			productName = DynamsoftBarcodeReader;
		};
		117BC8842D6D4D7500F91DA0 /* DynamsoftCameraEnhancer */ = {
			isa = XCSwiftPackageProductDependency;
			package = 1143B6B02D6C50B20097CEE7 /* XCRemoteSwiftPackageReference "barcode-reader-spm" */;
			productName = DynamsoftCameraEnhancer;
		};
		117BC8862D6D4D7500F91DA0 /* DynamsoftCaptureVisionRouter */ = {
			isa = XCSwiftPackageProductDependency;
			package = 1143B6B02D6C50B20097CEE7 /* XCRemoteSwiftPackageReference "barcode-reader-spm" */;
			productName = DynamsoftCaptureVisionRouter;
		};
		117BC8882D6D4D7500F91DA0 /* DynamsoftCore */ = {
			isa = XCSwiftPackageProductDependency;
			package = 1143B6B02D6C50B20097CEE7 /* XCRemoteSwiftPackageReference "barcode-reader-spm" */;
			productName = DynamsoftCore;
		};
		117BC88A2D6D4D7500F91DA0 /* DynamsoftImageProcessing */ = {
			isa = XCSwiftPackageProductDependency;
			package = 1143B6B02D6C50B20097CEE7 /* XCRemoteSwiftPackageReference "barcode-reader-spm" */;
			productName = DynamsoftImageProcessing;
		};
		117BC88C2D6D4D7500F91DA0 /* DynamsoftLicense */ = {
			isa = XCSwiftPackageProductDependency;
			package = 1143B6B02D6C50B20097CEE7 /* XCRemoteSwiftPackageReference "barcode-reader-spm" */;
			productName = DynamsoftLicense;
		};
		117BC88E2D6D4D7500F91DA0 /* DynamsoftUtility */ = {
			isa = XCSwiftPackageProductDependency;
			package = 1143B6B02D6C50B20097CEE7 /* XCRemoteSwiftPackageReference "barcode-reader-spm" */;
			productName = DynamsoftUtility;
		};
/* End XCSwiftPackageProductDependency section */
	};
	rootObject = 1143B6852D6C4E380097CEE7 /* Project object */;
}
