{
  "originHash" : "bb1f31da64d8fbf92c62b1afe3f9955fb36f56ec558960b6a8f25403aed360b3",
  "pins" : [
    {
      "identity" : "capture-vision-spm",
      "kind" : "remoteSourceControl",
      "location" : "https://github.com/Dynamsoft/capture-vision-spm",
      "state" : {
        "revision" : "af7bc5c967474d8962216983b6573d2fc966a41d",
        "version" : "3.6.2000"
      }
    }
  ],
  "version" : 3
}
