// !$*UTF8*$!
{
	archiveVersion = 1;
	classes = {
	};
	objectVersion = 77;
	objects = {

/* Begin PBXBuildFile section */
		11253FE32DB0D90500733932 /* Media.xcassets in Resources */ = {isa = PBXBuildFile; fileRef = 11253FDA2DB0D90500733932 /* Media.xcassets */; };
		11253FE42DB0D90500733932 /* ScannerConfig.swift in Sources */ = {isa = PBXBuildFile; fileRef = 11253FDB2DB0D90500733932 /* ScannerConfig.swift */; };
		11253FE52DB0D90500733932 /* ScanResult.swift in Sources */ = {isa = PBXBuildFile; fileRef = 11253FDD2DB0D90500733932 /* ScanResult.swift */; };
		11253FEC2DB0D91B00733932 /* DynamsoftMRZScannerBundle.framework in Frameworks */ = {isa = PBXBuildFile; fileRef = 11253FEA2DB0D90500733932 /* DynamsoftMRZScannerBundle.framework */; };
		11253FED2DB0D91B00733932 /* DynamsoftMRZScannerBundle.framework in Embed Frameworks */ = {isa = PBXBuildFile; fileRef = 11253FEA2DB0D90500733932 /* DynamsoftMRZScannerBundle.framework */; settings = {ATTRIBUTES = (CodeSignOnCopy, RemoveHeadersOnCopy, ); }; };
		112540112DB0FF8500733932 /* ScannerViewController.swift in Sources */ = {isa = PBXBuildFile; fileRef = 112540102DB0FF8500733932 /* ScannerViewController.swift */; };
		1129D92B2DDD7B6F00505210 /* DynamsoftCaptureVisionBundle in Frameworks */ = {isa = PBXBuildFile; productRef = 1129D92A2DDD7B6F00505210 /* DynamsoftCaptureVisionBundle */; };
		1129D92D2DDD7B6F00505210 /* DynamsoftVINModel in Frameworks */ = {isa = PBXBuildFile; productRef = 1129D92C2DDD7B6F00505210 /* DynamsoftVINModel */; };
/* End PBXBuildFile section */

/* Begin PBXContainerItemProxy section */
		11253FE92DB0D90500733932 /* PBXContainerItemProxy */ = {
			isa = PBXContainerItemProxy;
			containerPortal = 11253FDF2DB0D90500733932 /* DynamsoftMRZScannerBundle.xcodeproj */;
			proxyType = 2;
			remoteGlobalIDString = 1DC845D52CEB04AE00998CCD;
			remoteInfo = DynamsoftMRZScannerBundle;
		};
/* End PBXContainerItemProxy section */

/* Begin PBXCopyFilesBuildPhase section */
		11253FEE2DB0D91B00733932 /* Embed Frameworks */ = {
			isa = PBXCopyFilesBuildPhase;
			buildActionMask = 2147483647;
			dstPath = "";
			dstSubfolderSpec = 10;
			files = (
				11253FED2DB0D91B00733932 /* DynamsoftMRZScannerBundle.framework in Embed Frameworks */,
			);
			name = "Embed Frameworks";
			runOnlyForDeploymentPostprocessing = 0;
		};
/* End PBXCopyFilesBuildPhase section */

/* Begin PBXFileReference section */
		11253FCB2DB0D82200733932 /* MrzVinScanner.app */ = {isa = PBXFileReference; explicitFileType = wrapper.application; includeInIndex = 0; path = MrzVinScanner.app; sourceTree = BUILT_PRODUCTS_DIR; };
		11253FD92DB0D90500733932 /* DynamsoftMRZScannerBundle.h */ = {isa = PBXFileReference; lastKnownFileType = sourcecode.c.h; path = DynamsoftMRZScannerBundle.h; sourceTree = "<group>"; };
		11253FDA2DB0D90500733932 /* Media.xcassets */ = {isa = PBXFileReference; lastKnownFileType = folder.assetcatalog; path = Media.xcassets; sourceTree = "<group>"; };
		11253FDB2DB0D90500733932 /* ScannerConfig.swift */ = {isa = PBXFileReference; lastKnownFileType = sourcecode.swift; path = ScannerConfig.swift; sourceTree = "<group>"; };
		11253FDD2DB0D90500733932 /* ScanResult.swift */ = {isa = PBXFileReference; lastKnownFileType = sourcecode.swift; path = ScanResult.swift; sourceTree = "<group>"; };
		11253FDF2DB0D90500733932 /* DynamsoftMRZScannerBundle.xcodeproj */ = {isa = PBXFileReference; lastKnownFileType = "wrapper.pb-project"; path = DynamsoftMRZScannerBundle.xcodeproj; sourceTree = "<group>"; };
		112540102DB0FF8500733932 /* ScannerViewController.swift */ = {isa = PBXFileReference; lastKnownFileType = sourcecode.swift; path = ScannerViewController.swift; sourceTree = "<group>"; };
/* End PBXFileReference section */

/* Begin PBXFileSystemSynchronizedRootGroup section */
		11253FCD2DB0D82200733932 /* MrzVinScanner */ = {
			isa = PBXFileSystemSynchronizedRootGroup;
			path = MrzVinScanner;
			sourceTree = "<group>";
		};
/* End PBXFileSystemSynchronizedRootGroup section */

/* Begin PBXFrameworksBuildPhase section */
		11253FC82DB0D82200733932 /* Frameworks */ = {
			isa = PBXFrameworksBuildPhase;
			buildActionMask = 2147483647;
			files = (
				1129D92D2DDD7B6F00505210 /* DynamsoftVINModel in Frameworks */,
				11253FEC2DB0D91B00733932 /* DynamsoftMRZScannerBundle.framework in Frameworks */,
				1129D92B2DDD7B6F00505210 /* DynamsoftCaptureVisionBundle in Frameworks */,
			);
			runOnlyForDeploymentPostprocessing = 0;
		};
/* End PBXFrameworksBuildPhase section */

/* Begin PBXGroup section */
		11253FC22DB0D82200733932 = {
			isa = PBXGroup;
			children = (
				11253FE02DB0D90500733932 /* mrzbundle */,
				11253FCD2DB0D82200733932 /* MrzVinScanner */,
				11253FEB2DB0D91A00733932 /* Frameworks */,
				11253FCC2DB0D82200733932 /* Products */,
			);
			sourceTree = "<group>";
		};
		11253FCC2DB0D82200733932 /* Products */ = {
			isa = PBXGroup;
			children = (
				11253FCB2DB0D82200733932 /* MrzVinScanner.app */,
			);
			name = Products;
			sourceTree = "<group>";
		};
		11253FDE2DB0D90500733932 /* DynamsoftMRZScannerBundle */ = {
			isa = PBXGroup;
			children = (
				112540102DB0FF8500733932 /* ScannerViewController.swift */,
				11253FD92DB0D90500733932 /* DynamsoftMRZScannerBundle.h */,
				11253FDA2DB0D90500733932 /* Media.xcassets */,
				11253FDB2DB0D90500733932 /* ScannerConfig.swift */,
				11253FDD2DB0D90500733932 /* ScanResult.swift */,
			);
			path = DynamsoftMRZScannerBundle;
			sourceTree = "<group>";
		};
		11253FE02DB0D90500733932 /* mrzbundle */ = {
			isa = PBXGroup;
			children = (
				11253FDE2DB0D90500733932 /* DynamsoftMRZScannerBundle */,
				11253FDF2DB0D90500733932 /* DynamsoftMRZScannerBundle.xcodeproj */,
			);
			name = mrzbundle;
			path = ../mrzbundle;
			sourceTree = SOURCE_ROOT;
		};
		11253FE12DB0D90500733932 /* Products */ = {
			isa = PBXGroup;
			children = (
				11253FEA2DB0D90500733932 /* DynamsoftMRZScannerBundle.framework */,
			);
			name = Products;
			sourceTree = "<group>";
		};
		11253FEB2DB0D91A00733932 /* Frameworks */ = {
			isa = PBXGroup;
			children = (
			);
			name = Frameworks;
			sourceTree = "<group>";
		};
/* End PBXGroup section */

/* Begin PBXNativeTarget section */
		11253FCA2DB0D82200733932 /* MrzVinScanner */ = {
			isa = PBXNativeTarget;
			buildConfigurationList = 11253FD62DB0D82400733932 /* Build configuration list for PBXNativeTarget "MrzVinScanner" */;
			buildPhases = (
				11253FC72DB0D82200733932 /* Sources */,
				11253FC82DB0D82200733932 /* Frameworks */,
				11253FC92DB0D82200733932 /* Resources */,
				11253FEE2DB0D91B00733932 /* Embed Frameworks */,
			);
			buildRules = (
			);
			dependencies = (
			);
			fileSystemSynchronizedGroups = (
				11253FCD2DB0D82200733932 /* MrzVinScanner */,
			);
			name = MrzVinScanner;
			packageProductDependencies = (
				1129D92A2DDD7B6F00505210 /* DynamsoftCaptureVisionBundle */,
				1129D92C2DDD7B6F00505210 /* DynamsoftVINModel */,
			);
			productName = MrzVinScanner;
			productReference = 11253FCB2DB0D82200733932 /* MrzVinScanner.app */;
			productType = "com.apple.product-type.application";
		};
/* End PBXNativeTarget section */

/* Begin PBXProject section */
		11253FC32DB0D82200733932 /* Project object */ = {
			isa = PBXProject;
			attributes = {
				BuildIndependentTargetsInParallel = 1;
				LastSwiftUpdateCheck = 1630;
				LastUpgradeCheck = 1630;
				TargetAttributes = {
					11253FCA2DB0D82200733932 = {
						CreatedOnToolsVersion = 16.3;
					};
				};
			};
			buildConfigurationList = 11253FC62DB0D82200733932 /* Build configuration list for PBXProject "MrzVinScanner" */;
			developmentRegion = en;
			hasScannedForEncodings = 0;
			knownRegions = (
				en,
				Base,
			);
			mainGroup = 11253FC22DB0D82200733932;
			minimizedProjectReferenceProxies = 1;
			packageReferences = (
				11253FEF2DB0E00400733932 /* XCRemoteSwiftPackageReference "capture-vision-spm" */,
			);
			preferredProjectObjectVersion = 77;
			productRefGroup = 11253FCC2DB0D82200733932 /* Products */;
			projectDirPath = "";
			projectReferences = (
				{
					ProductGroup = 11253FE12DB0D90500733932 /* Products */;
					ProjectRef = 11253FDF2DB0D90500733932 /* DynamsoftMRZScannerBundle.xcodeproj */;
				},
			);
			projectRoot = "";
			targets = (
				11253FCA2DB0D82200733932 /* MrzVinScanner */,
			);
		};
/* End PBXProject section */

/* Begin PBXReferenceProxy section */
		11253FEA2DB0D90500733932 /* DynamsoftMRZScannerBundle.framework */ = {
			isa = PBXReferenceProxy;
			fileType = wrapper.framework;
			path = DynamsoftMRZScannerBundle.framework;
			remoteRef = 11253FE92DB0D90500733932 /* PBXContainerItemProxy */;
			sourceTree = BUILT_PRODUCTS_DIR;
		};
/* End PBXReferenceProxy section */

/* Begin PBXResourcesBuildPhase section */
		11253FC92DB0D82200733932 /* Resources */ = {
			isa = PBXResourcesBuildPhase;
			buildActionMask = 2147483647;
			files = (
				11253FE32DB0D90500733932 /* Media.xcassets in Resources */,
			);
			runOnlyForDeploymentPostprocessing = 0;
		};
/* End PBXResourcesBuildPhase section */

/* Begin PBXSourcesBuildPhase section */
		11253FC72DB0D82200733932 /* Sources */ = {
			isa = PBXSourcesBuildPhase;
			buildActionMask = 2147483647;
			files = (
				11253FE42DB0D90500733932 /* ScannerConfig.swift in Sources */,
				112540112DB0FF8500733932 /* ScannerViewController.swift in Sources */,
				11253FE52DB0D90500733932 /* ScanResult.swift in Sources */,
			);
			runOnlyForDeploymentPostprocessing = 0;
		};
/* End PBXSourcesBuildPhase section */

/* Begin XCBuildConfiguration section */
		11253FD42DB0D82400733932 /* Debug */ = {
			isa = XCBuildConfiguration;
			buildSettings = {
				ALWAYS_SEARCH_USER_PATHS = NO;
				ASSETCATALOG_COMPILER_GENERATE_SWIFT_ASSET_SYMBOL_EXTENSIONS = YES;
				CLANG_ANALYZER_NONNULL = YES;
				CLANG_ANALYZER_NUMBER_OBJECT_CONVERSION = YES_AGGRESSIVE;
				CLANG_CXX_LANGUAGE_STANDARD = "gnu++20";
				CLANG_ENABLE_MODULES = YES;
				CLANG_ENABLE_OBJC_ARC = YES;
				CLANG_ENABLE_OBJC_WEAK = YES;
				CLANG_WARN_BLOCK_CAPTURE_AUTORELEASING = YES;
				CLANG_WARN_BOOL_CONVERSION = YES;
				CLANG_WARN_COMMA = YES;
				CLANG_WARN_CONSTANT_CONVERSION = YES;
				CLANG_WARN_DEPRECATED_OBJC_IMPLEMENTATIONS = YES;
				CLANG_WARN_DIRECT_OBJC_ISA_USAGE = YES_ERROR;
				CLANG_WARN_DOCUMENTATION_COMMENTS = YES;
				CLANG_WARN_EMPTY_BODY = YES;
				CLANG_WARN_ENUM_CONVERSION = YES;
				CLANG_WARN_INFINITE_RECURSION = YES;
				CLANG_WARN_INT_CONVERSION = YES;
				CLANG_WARN_NON_LITERAL_NULL_CONVERSION = YES;
				CLANG_WARN_OBJC_IMPLICIT_RETAIN_SELF = YES;
				CLANG_WARN_OBJC_LITERAL_CONVERSION = YES;
				CLANG_WARN_OBJC_ROOT_CLASS = YES_ERROR;
				CLANG_WARN_QUOTED_INCLUDE_IN_FRAMEWORK_HEADER = YES;
				CLANG_WARN_RANGE_LOOP_ANALYSIS = YES;
				CLANG_WARN_STRICT_PROTOTYPES = YES;
				CLANG_WARN_SUSPICIOUS_MOVE = YES;
				CLANG_WARN_UNGUARDED_AVAILABILITY = YES_AGGRESSIVE;
				CLANG_WARN_UNREACHABLE_CODE = YES;
				CLANG_WARN__DUPLICATE_METHOD_MATCH = YES;
				COPY_PHASE_STRIP = NO;
				DEBUG_INFORMATION_FORMAT = dwarf;
				DEVELOPMENT_TEAM = E5D9GMM365;
				ENABLE_STRICT_OBJC_MSGSEND = YES;
				ENABLE_TESTABILITY = YES;
				ENABLE_USER_SCRIPT_SANDBOXING = YES;
				GCC_C_LANGUAGE_STANDARD = gnu17;
				GCC_DYNAMIC_NO_PIC = NO;
				GCC_NO_COMMON_BLOCKS = YES;
				GCC_OPTIMIZATION_LEVEL = 0;
				GCC_PREPROCESSOR_DEFINITIONS = (
					"DEBUG=1",
					"$(inherited)",
				);
				GCC_WARN_64_TO_32_BIT_CONVERSION = YES;
				GCC_WARN_ABOUT_RETURN_TYPE = YES_ERROR;
				GCC_WARN_UNDECLARED_SELECTOR = YES;
				GCC_WARN_UNINITIALIZED_AUTOS = YES_AGGRESSIVE;
				GCC_WARN_UNUSED_FUNCTION = YES;
				GCC_WARN_UNUSED_VARIABLE = YES;
				IPHONEOS_DEPLOYMENT_TARGET = 18.4;
				LOCALIZATION_PREFERS_STRING_CATALOGS = YES;
				MTL_ENABLE_DEBUG_INFO = INCLUDE_SOURCE;
				MTL_FAST_MATH = YES;
				ONLY_ACTIVE_ARCH = YES;
				SDKROOT = iphoneos;
				SWIFT_ACTIVE_COMPILATION_CONDITIONS = "DEBUG $(inherited)";
				SWIFT_OPTIMIZATION_LEVEL = "-Onone";
			};
			name = Debug;
		};
		11253FD52DB0D82400733932 /* Release */ = {
			isa = XCBuildConfiguration;
			buildSettings = {
				ALWAYS_SEARCH_USER_PATHS = NO;
				ASSETCATALOG_COMPILER_GENERATE_SWIFT_ASSET_SYMBOL_EXTENSIONS = YES;
				CLANG_ANALYZER_NONNULL = YES;
				CLANG_ANALYZER_NUMBER_OBJECT_CONVERSION = YES_AGGRESSIVE;
				CLANG_CXX_LANGUAGE_STANDARD = "gnu++20";
				CLANG_ENABLE_MODULES = YES;
				CLANG_ENABLE_OBJC_ARC = YES;
				CLANG_ENABLE_OBJC_WEAK = YES;
				CLANG_WARN_BLOCK_CAPTURE_AUTORELEASING = YES;
				CLANG_WARN_BOOL_CONVERSION = YES;
				CLANG_WARN_COMMA = YES;
				CLANG_WARN_CONSTANT_CONVERSION = YES;
				CLANG_WARN_DEPRECATED_OBJC_IMPLEMENTATIONS = YES;
				CLANG_WARN_DIRECT_OBJC_ISA_USAGE = YES_ERROR;
				CLANG_WARN_DOCUMENTATION_COMMENTS = YES;
				CLANG_WARN_EMPTY_BODY = YES;
				CLANG_WARN_ENUM_CONVERSION = YES;
				CLANG_WARN_INFINITE_RECURSION = YES;
				CLANG_WARN_INT_CONVERSION = YES;
				CLANG_WARN_NON_LITERAL_NULL_CONVERSION = YES;
				CLANG_WARN_OBJC_IMPLICIT_RETAIN_SELF = YES;
				CLANG_WARN_OBJC_LITERAL_CONVERSION = YES;
				CLANG_WARN_OBJC_ROOT_CLASS = YES_ERROR;
				CLANG_WARN_QUOTED_INCLUDE_IN_FRAMEWORK_HEADER = YES;
				CLANG_WARN_RANGE_LOOP_ANALYSIS = YES;
				CLANG_WARN_STRICT_PROTOTYPES = YES;
				CLANG_WARN_SUSPICIOUS_MOVE = YES;
				CLANG_WARN_UNGUARDED_AVAILABILITY = YES_AGGRESSIVE;
				CLANG_WARN_UNREACHABLE_CODE = YES;
				CLANG_WARN__DUPLICATE_METHOD_MATCH = YES;
				COPY_PHASE_STRIP = NO;
				DEBUG_INFORMATION_FORMAT = "dwarf-with-dsym";
				DEVELOPMENT_TEAM = E5D9GMM365;
				ENABLE_NS_ASSERTIONS = NO;
				ENABLE_STRICT_OBJC_MSGSEND = YES;
				ENABLE_USER_SCRIPT_SANDBOXING = YES;
				GCC_C_LANGUAGE_STANDARD = gnu17;
				GCC_NO_COMMON_BLOCKS = YES;
				GCC_WARN_64_TO_32_BIT_CONVERSION = YES;
				GCC_WARN_ABOUT_RETURN_TYPE = YES_ERROR;
				GCC_WARN_UNDECLARED_SELECTOR = YES;
				GCC_WARN_UNINITIALIZED_AUTOS = YES_AGGRESSIVE;
				GCC_WARN_UNUSED_FUNCTION = YES;
				GCC_WARN_UNUSED_VARIABLE = YES;
				IPHONEOS_DEPLOYMENT_TARGET = 18.4;
				LOCALIZATION_PREFERS_STRING_CATALOGS = YES;
				MTL_ENABLE_DEBUG_INFO = NO;
				MTL_FAST_MATH = YES;
				SDKROOT = iphoneos;
				SWIFT_COMPILATION_MODE = wholemodule;
				VALIDATE_PRODUCT = YES;
			};
			name = Release;
		};
		11253FD72DB0D82400733932 /* Debug */ = {
			isa = XCBuildConfiguration;
			buildSettings = {
				ASSETCATALOG_COMPILER_APPICON_NAME = AppIcon;
				ASSETCATALOG_COMPILER_GLOBAL_ACCENT_COLOR_NAME = AccentColor;
				CODE_SIGN_IDENTITY = "Apple Development";
				CODE_SIGN_STYLE = Automatic;
				CURRENT_PROJECT_VERSION = 1;
				DEVELOPMENT_TEAM = E5D9GMM365;
				ENABLE_PREVIEWS = YES;
				GENERATE_INFOPLIST_FILE = YES;
				INFOPLIST_KEY_NSCameraUsageDescription = "use camera";
				INFOPLIST_KEY_UIApplicationSceneManifest_Generation = YES;
				INFOPLIST_KEY_UIApplicationSupportsIndirectInputEvents = YES;
				INFOPLIST_KEY_UILaunchScreen_Generation = YES;
				INFOPLIST_KEY_UISupportedInterfaceOrientations_iPad = "UIInterfaceOrientationPortrait UIInterfaceOrientationPortraitUpsideDown UIInterfaceOrientationLandscapeLeft UIInterfaceOrientationLandscapeRight";
				INFOPLIST_KEY_UISupportedInterfaceOrientations_iPhone = "UIInterfaceOrientationPortrait UIInterfaceOrientationLandscapeLeft UIInterfaceOrientationLandscapeRight";
				IPHONEOS_DEPLOYMENT_TARGET = 18.3;
				LD_RUNPATH_SEARCH_PATHS = (
					"$(inherited)",
					"@executable_path/Frameworks",
				);
				MARKETING_VERSION = 1.0;
				PRODUCT_BUNDLE_IDENTIFIER = com.example.MrzVinScanner;
				PRODUCT_NAME = "$(TARGET_NAME)";
				PROVISIONING_PROFILE_SPECIFIER = "";
				SWIFT_EMIT_LOC_STRINGS = YES;
				SWIFT_VERSION = 5.0;
				TARGETED_DEVICE_FAMILY = "1,2";
			};
			name = Debug;
		};
		11253FD82DB0D82400733932 /* Release */ = {
			isa = XCBuildConfiguration;
			buildSettings = {
				ASSETCATALOG_COMPILER_APPICON_NAME = AppIcon;
				ASSETCATALOG_COMPILER_GLOBAL_ACCENT_COLOR_NAME = AccentColor;
				CODE_SIGN_IDENTITY = "Apple Development";
				CODE_SIGN_STYLE = Automatic;
				CURRENT_PROJECT_VERSION = 1;
				DEVELOPMENT_TEAM = E5D9GMM365;
				ENABLE_PREVIEWS = YES;
				GENERATE_INFOPLIST_FILE = YES;
				INFOPLIST_KEY_NSCameraUsageDescription = "use camera";
				INFOPLIST_KEY_UIApplicationSceneManifest_Generation = YES;
				INFOPLIST_KEY_UIApplicationSupportsIndirectInputEvents = YES;
				INFOPLIST_KEY_UILaunchScreen_Generation = YES;
				INFOPLIST_KEY_UISupportedInterfaceOrientations_iPad = "UIInterfaceOrientationPortrait UIInterfaceOrientationPortraitUpsideDown UIInterfaceOrientationLandscapeLeft UIInterfaceOrientationLandscapeRight";
				INFOPLIST_KEY_UISupportedInterfaceOrientations_iPhone = "UIInterfaceOrientationPortrait UIInterfaceOrientationLandscapeLeft UIInterfaceOrientationLandscapeRight";
				IPHONEOS_DEPLOYMENT_TARGET = 18.3;
				LD_RUNPATH_SEARCH_PATHS = (
					"$(inherited)",
					"@executable_path/Frameworks",
				);
				MARKETING_VERSION = 1.0;
				PRODUCT_BUNDLE_IDENTIFIER = com.example.MrzVinScanner;
				PRODUCT_NAME = "$(TARGET_NAME)";
				PROVISIONING_PROFILE_SPECIFIER = "";
				SWIFT_EMIT_LOC_STRINGS = YES;
				SWIFT_VERSION = 5.0;
				TARGETED_DEVICE_FAMILY = "1,2";
			};
			name = Release;
		};
/* End XCBuildConfiguration section */

/* Begin XCConfigurationList section */
		11253FC62DB0D82200733932 /* Build configuration list for PBXProject "MrzVinScanner" */ = {
			isa = XCConfigurationList;
			buildConfigurations = (
				11253FD42DB0D82400733932 /* Debug */,
				11253FD52DB0D82400733932 /* Release */,
			);
			defaultConfigurationIsVisible = 0;
			defaultConfigurationName = Release;
		};
		11253FD62DB0D82400733932 /* Build configuration list for PBXNativeTarget "MrzVinScanner" */ = {
			isa = XCConfigurationList;
			buildConfigurations = (
				11253FD72DB0D82400733932 /* Debug */,
				11253FD82DB0D82400733932 /* Release */,
			);
			defaultConfigurationIsVisible = 0;
			defaultConfigurationName = Release;
		};
/* End XCConfigurationList section */

/* Begin XCRemoteSwiftPackageReference section */
		11253FEF2DB0E00400733932 /* XCRemoteSwiftPackageReference "capture-vision-spm" */ = {
			isa = XCRemoteSwiftPackageReference;
			repositoryURL = "https://github.com/Dynamsoft/capture-vision-spm";
			requirement = {
				kind = upToNextMajorVersion;
				minimumVersion = 3.0.3000;
			};
		};
/* End XCRemoteSwiftPackageReference section */

/* Begin XCSwiftPackageProductDependency section */
		1129D92A2DDD7B6F00505210 /* DynamsoftCaptureVisionBundle */ = {
			isa = XCSwiftPackageProductDependency;
			package = 11253FEF2DB0E00400733932 /* XCRemoteSwiftPackageReference "capture-vision-spm" */;
			productName = DynamsoftCaptureVisionBundle;
		};
		1129D92C2DDD7B6F00505210 /* DynamsoftVINModel */ = {
			isa = XCSwiftPackageProductDependency;
			package = 11253FEF2DB0E00400733932 /* XCRemoteSwiftPackageReference "capture-vision-spm" */;
			productName = DynamsoftVINModel;
		};
/* End XCSwiftPackageProductDependency section */
	};
	rootObject = 11253FC32DB0D82200733932 /* Project object */;
}
