// !$*UTF8*$!
{
	archiveVersion = 1;
	classes = {
	};
	objectVersion = 77;
	objects = {

/* Begin PBXBuildFile section */
		11DBB1432CE5CE700071C317 /* DynamsoftBarcodeReader in Frameworks */ = {isa = PBXBuildFile; productRef = 11DBB1422CE5CE700071C317 /* DynamsoftBarcodeReader */; };
		11DBB1452CE5CE700071C317 /* DynamsoftCameraEnhancer in Frameworks */ = {isa = PBXBuildFile; productRef = 11DBB1442CE5CE700071C317 /* DynamsoftCameraEnhancer */; };
		11DBB1472CE5CE700071C317 /* DynamsoftCaptureVisionRouter in Frameworks */ = {isa = PBXBuildFile; productRef = 11DBB1462CE5CE700071C317 /* DynamsoftCaptureVisionRouter */; };
		11DBB1492CE5CE700071C317 /* DynamsoftCodeParser in Frameworks */ = {isa = PBXBuildFile; productRef = 11DBB1482CE5CE700071C317 /* DynamsoftCodeParser */; };
		11DBB14B2CE5CE700071C317 /* DynamsoftCodeParserDedicator in Frameworks */ = {isa = PBXBuildFile; productRef = 11DBB14A2CE5CE700071C317 /* DynamsoftCodeParserDedicator */; };
		11DBB14D2CE5CE700071C317 /* DynamsoftCore in Frameworks */ = {isa = PBXBuildFile; productRef = 11DBB14C2CE5CE700071C317 /* DynamsoftCore */; };
		11DBB14F2CE5CE700071C317 /* DynamsoftDocumentNormalizer in Frameworks */ = {isa = PBXBuildFile; productRef = 11DBB14E2CE5CE700071C317 /* DynamsoftDocumentNormalizer */; };
		11DBB1512CE5CE700071C317 /* DynamsoftImageProcessing in Frameworks */ = {isa = PBXBuildFile; productRef = 11DBB1502CE5CE700071C317 /* DynamsoftImageProcessing */; };
		11DBB1532CE5CE700071C317 /* DynamsoftLabelRecognizer in Frameworks */ = {isa = PBXBuildFile; productRef = 11DBB1522CE5CE700071C317 /* DynamsoftLabelRecognizer */; };
		11DBB1552CE5CE700071C317 /* DynamsoftLicense in Frameworks */ = {isa = PBXBuildFile; productRef = 11DBB1542CE5CE700071C317 /* DynamsoftLicense */; };
		11DBB1572CE5CE700071C317 /* DynamsoftMRZ in Frameworks */ = {isa = PBXBuildFile; productRef = 11DBB1562CE5CE700071C317 /* DynamsoftMRZ */; };
		11DBB1592CE5CE700071C317 /* DynamsoftNeuralNetwork in Frameworks */ = {isa = PBXBuildFile; productRef = 11DBB1582CE5CE700071C317 /* DynamsoftNeuralNetwork */; };
		11DBB15B2CE5CE700071C317 /* DynamsoftUtility in Frameworks */ = {isa = PBXBuildFile; productRef = 11DBB15A2CE5CE700071C317 /* DynamsoftUtility */; };
		11DBB15D2CE5CE700071C317 /* DynamsoftVIN in Frameworks */ = {isa = PBXBuildFile; productRef = 11DBB15C2CE5CE700071C317 /* DynamsoftVIN */; };
/* End PBXBuildFile section */

/* Begin PBXFileReference section */
		11DBB12F2CE5CC470071C317 /* MrzScanner.app */ = {isa = PBXFileReference; explicitFileType = wrapper.application; includeInIndex = 0; path = MrzScanner.app; sourceTree = BUILT_PRODUCTS_DIR; };
/* End PBXFileReference section */

/* Begin PBXFileSystemSynchronizedRootGroup section */
		11DBB1312CE5CC470071C317 /* MrzScanner */ = {
			isa = PBXFileSystemSynchronizedRootGroup;
			path = MrzScanner;
			sourceTree = "<group>";
		};
/* End PBXFileSystemSynchronizedRootGroup section */

/* Begin PBXFrameworksBuildPhase section */
		11DBB12C2CE5CC470071C317 /* Frameworks */ = {
			isa = PBXFrameworksBuildPhase;
			buildActionMask = 2147483647;
			files = (
				11DBB1552CE5CE700071C317 /* DynamsoftLicense in Frameworks */,
				11DBB1492CE5CE700071C317 /* DynamsoftCodeParser in Frameworks */,
				11DBB1532CE5CE700071C317 /* DynamsoftLabelRecognizer in Frameworks */,
				11DBB1572CE5CE700071C317 /* DynamsoftMRZ in Frameworks */,
				11DBB1592CE5CE700071C317 /* DynamsoftNeuralNetwork in Frameworks */,
				11DBB15B2CE5CE700071C317 /* DynamsoftUtility in Frameworks */,
				11DBB14B2CE5CE700071C317 /* DynamsoftCodeParserDedicator in Frameworks */,
				11DBB1432CE5CE700071C317 /* DynamsoftBarcodeReader in Frameworks */,
				11DBB15D2CE5CE700071C317 /* DynamsoftVIN in Frameworks */,
				11DBB14D2CE5CE700071C317 /* DynamsoftCore in Frameworks */,
				11DBB1452CE5CE700071C317 /* DynamsoftCameraEnhancer in Frameworks */,
				11DBB1512CE5CE700071C317 /* DynamsoftImageProcessing in Frameworks */,
				11DBB1472CE5CE700071C317 /* DynamsoftCaptureVisionRouter in Frameworks */,
				11DBB14F2CE5CE700071C317 /* DynamsoftDocumentNormalizer in Frameworks */,
			);
			runOnlyForDeploymentPostprocessing = 0;
		};
/* End PBXFrameworksBuildPhase section */

/* Begin PBXGroup section */
		11DBB1262CE5CC470071C317 = {
			isa = PBXGroup;
			children = (
				11DBB1312CE5CC470071C317 /* MrzScanner */,
				11DBB1302CE5CC470071C317 /* Products */,
			);
			sourceTree = "<group>";
		};
		11DBB1302CE5CC470071C317 /* Products */ = {
			isa = PBXGroup;
			children = (
				11DBB12F2CE5CC470071C317 /* MrzScanner.app */,
			);
			name = Products;
			sourceTree = "<group>";
		};
/* End PBXGroup section */

/* Begin PBXNativeTarget section */
		11DBB12E2CE5CC470071C317 /* MrzScanner */ = {
			isa = PBXNativeTarget;
			buildConfigurationList = 11DBB13E2CE5CC490071C317 /* Build configuration list for PBXNativeTarget "MrzScanner" */;
			buildPhases = (
				11DBB12B2CE5CC470071C317 /* Sources */,
				11DBB12C2CE5CC470071C317 /* Frameworks */,
				11DBB12D2CE5CC470071C317 /* Resources */,
			);
			buildRules = (
			);
			dependencies = (
			);
			fileSystemSynchronizedGroups = (
				11DBB1312CE5CC470071C317 /* MrzScanner */,
			);
			name = MrzScanner;
			packageProductDependencies = (
				11DBB1422CE5CE700071C317 /* DynamsoftBarcodeReader */,
				11DBB1442CE5CE700071C317 /* DynamsoftCameraEnhancer */,
				11DBB1462CE5CE700071C317 /* DynamsoftCaptureVisionRouter */,
				11DBB1482CE5CE700071C317 /* DynamsoftCodeParser */,
				11DBB14A2CE5CE700071C317 /* DynamsoftCodeParserDedicator */,
				11DBB14C2CE5CE700071C317 /* DynamsoftCore */,
				11DBB14E2CE5CE700071C317 /* DynamsoftDocumentNormalizer */,
				11DBB1502CE5CE700071C317 /* DynamsoftImageProcessing */,
				11DBB1522CE5CE700071C317 /* DynamsoftLabelRecognizer */,
				11DBB1542CE5CE700071C317 /* DynamsoftLicense */,
				11DBB1562CE5CE700071C317 /* DynamsoftMRZ */,
				11DBB1582CE5CE700071C317 /* DynamsoftNeuralNetwork */,
				11DBB15A2CE5CE700071C317 /* DynamsoftUtility */,
				11DBB15C2CE5CE700071C317 /* DynamsoftVIN */,
			);
			productName = MrzScanner;
			productReference = 11DBB12F2CE5CC470071C317 /* MrzScanner.app */;
			productType = "com.apple.product-type.application";
		};
/* End PBXNativeTarget section */

/* Begin PBXProject section */
		11DBB1272CE5CC470071C317 /* Project object */ = {
			isa = PBXProject;
			attributes = {
				BuildIndependentTargetsInParallel = 1;
				LastSwiftUpdateCheck = 1610;
				LastUpgradeCheck = 1610;
				TargetAttributes = {
					11DBB12E2CE5CC470071C317 = {
						CreatedOnToolsVersion = 16.1;
					};
				};
			};
			buildConfigurationList = 11DBB12A2CE5CC470071C317 /* Build configuration list for PBXProject "MrzScanner" */;
			developmentRegion = en;
			hasScannedForEncodings = 0;
			knownRegions = (
				en,
				Base,
			);
			mainGroup = 11DBB1262CE5CC470071C317;
			minimizedProjectReferenceProxies = 1;
			packageReferences = (
				11DBB1412CE5CE700071C317 /* XCRemoteSwiftPackageReference "capture-vision-spm" */,
			);
			preferredProjectObjectVersion = 77;
			productRefGroup = 11DBB1302CE5CC470071C317 /* Products */;
			projectDirPath = "";
			projectRoot = "";
			targets = (
				11DBB12E2CE5CC470071C317 /* MrzScanner */,
			);
		};
/* End PBXProject section */

/* Begin PBXResourcesBuildPhase section */
		11DBB12D2CE5CC470071C317 /* Resources */ = {
			isa = PBXResourcesBuildPhase;
			buildActionMask = 2147483647;
			files = (
			);
			runOnlyForDeploymentPostprocessing = 0;
		};
/* End PBXResourcesBuildPhase section */

/* Begin PBXSourcesBuildPhase section */
		11DBB12B2CE5CC470071C317 /* Sources */ = {
			isa = PBXSourcesBuildPhase;
			buildActionMask = 2147483647;
			files = (
			);
			runOnlyForDeploymentPostprocessing = 0;
		};
/* End PBXSourcesBuildPhase section */

/* Begin XCBuildConfiguration section */
		11DBB13C2CE5CC490071C317 /* Debug */ = {
			isa = XCBuildConfiguration;
			buildSettings = {
				ALWAYS_SEARCH_USER_PATHS = NO;
				ASSETCATALOG_COMPILER_GENERATE_SWIFT_ASSET_SYMBOL_EXTENSIONS = YES;
				CLANG_ANALYZER_NONNULL = YES;
				CLANG_ANALYZER_NUMBER_OBJECT_CONVERSION = YES_AGGRESSIVE;
				CLANG_CXX_LANGUAGE_STANDARD = "gnu++20";
				CLANG_ENABLE_MODULES = YES;
				CLANG_ENABLE_OBJC_ARC = YES;
				CLANG_ENABLE_OBJC_WEAK = YES;
				CLANG_WARN_BLOCK_CAPTURE_AUTORELEASING = YES;
				CLANG_WARN_BOOL_CONVERSION = YES;
				CLANG_WARN_COMMA = YES;
				CLANG_WARN_CONSTANT_CONVERSION = YES;
				CLANG_WARN_DEPRECATED_OBJC_IMPLEMENTATIONS = YES;
				CLANG_WARN_DIRECT_OBJC_ISA_USAGE = YES_ERROR;
				CLANG_WARN_DOCUMENTATION_COMMENTS = YES;
				CLANG_WARN_EMPTY_BODY = YES;
				CLANG_WARN_ENUM_CONVERSION = YES;
				CLANG_WARN_INFINITE_RECURSION = YES;
				CLANG_WARN_INT_CONVERSION = YES;
				CLANG_WARN_NON_LITERAL_NULL_CONVERSION = YES;
				CLANG_WARN_OBJC_IMPLICIT_RETAIN_SELF = YES;
				CLANG_WARN_OBJC_LITERAL_CONVERSION = YES;
				CLANG_WARN_OBJC_ROOT_CLASS = YES_ERROR;
				CLANG_WARN_QUOTED_INCLUDE_IN_FRAMEWORK_HEADER = YES;
				CLANG_WARN_RANGE_LOOP_ANALYSIS = YES;
				CLANG_WARN_STRICT_PROTOTYPES = YES;
				CLANG_WARN_SUSPICIOUS_MOVE = YES;
				CLANG_WARN_UNGUARDED_AVAILABILITY = YES_AGGRESSIVE;
				CLANG_WARN_UNREACHABLE_CODE = YES;
				CLANG_WARN__DUPLICATE_METHOD_MATCH = YES;
				COPY_PHASE_STRIP = NO;
				DEBUG_INFORMATION_FORMAT = dwarf;
				ENABLE_STRICT_OBJC_MSGSEND = YES;
				ENABLE_TESTABILITY = YES;
				ENABLE_USER_SCRIPT_SANDBOXING = YES;
				GCC_C_LANGUAGE_STANDARD = gnu17;
				GCC_DYNAMIC_NO_PIC = NO;
				GCC_NO_COMMON_BLOCKS = YES;
				GCC_OPTIMIZATION_LEVEL = 0;
				GCC_PREPROCESSOR_DEFINITIONS = (
					"DEBUG=1",
					"$(inherited)",
				);
				GCC_WARN_64_TO_32_BIT_CONVERSION = YES;
				GCC_WARN_ABOUT_RETURN_TYPE = YES_ERROR;
				GCC_WARN_UNDECLARED_SELECTOR = YES;
				GCC_WARN_UNINITIALIZED_AUTOS = YES_AGGRESSIVE;
				GCC_WARN_UNUSED_FUNCTION = YES;
				GCC_WARN_UNUSED_VARIABLE = YES;
				LOCALIZATION_PREFERS_STRING_CATALOGS = YES;
				MTL_ENABLE_DEBUG_INFO = INCLUDE_SOURCE;
				MTL_FAST_MATH = YES;
				ONLY_ACTIVE_ARCH = YES;
				SWIFT_ACTIVE_COMPILATION_CONDITIONS = "DEBUG $(inherited)";
				SWIFT_OPTIMIZATION_LEVEL = "-Onone";
			};
			name = Debug;
		};
		11DBB13D2CE5CC490071C317 /* Release */ = {
			isa = XCBuildConfiguration;
			buildSettings = {
				ALWAYS_SEARCH_USER_PATHS = NO;
				ASSETCATALOG_COMPILER_GENERATE_SWIFT_ASSET_SYMBOL_EXTENSIONS = YES;
				CLANG_ANALYZER_NONNULL = YES;
				CLANG_ANALYZER_NUMBER_OBJECT_CONVERSION = YES_AGGRESSIVE;
				CLANG_CXX_LANGUAGE_STANDARD = "gnu++20";
				CLANG_ENABLE_MODULES = YES;
				CLANG_ENABLE_OBJC_ARC = YES;
				CLANG_ENABLE_OBJC_WEAK = YES;
				CLANG_WARN_BLOCK_CAPTURE_AUTORELEASING = YES;
				CLANG_WARN_BOOL_CONVERSION = YES;
				CLANG_WARN_COMMA = YES;
				CLANG_WARN_CONSTANT_CONVERSION = YES;
				CLANG_WARN_DEPRECATED_OBJC_IMPLEMENTATIONS = YES;
				CLANG_WARN_DIRECT_OBJC_ISA_USAGE = YES_ERROR;
				CLANG_WARN_DOCUMENTATION_COMMENTS = YES;
				CLANG_WARN_EMPTY_BODY = YES;
				CLANG_WARN_ENUM_CONVERSION = YES;
				CLANG_WARN_INFINITE_RECURSION = YES;
				CLANG_WARN_INT_CONVERSION = YES;
				CLANG_WARN_NON_LITERAL_NULL_CONVERSION = YES;
				CLANG_WARN_OBJC_IMPLICIT_RETAIN_SELF = YES;
				CLANG_WARN_OBJC_LITERAL_CONVERSION = YES;
				CLANG_WARN_OBJC_ROOT_CLASS = YES_ERROR;
				CLANG_WARN_QUOTED_INCLUDE_IN_FRAMEWORK_HEADER = YES;
				CLANG_WARN_RANGE_LOOP_ANALYSIS = YES;
				CLANG_WARN_STRICT_PROTOTYPES = YES;
				CLANG_WARN_SUSPICIOUS_MOVE = YES;
				CLANG_WARN_UNGUARDED_AVAILABILITY = YES_AGGRESSIVE;
				CLANG_WARN_UNREACHABLE_CODE = YES;
				CLANG_WARN__DUPLICATE_METHOD_MATCH = YES;
				COPY_PHASE_STRIP = NO;
				DEBUG_INFORMATION_FORMAT = "dwarf-with-dsym";
				ENABLE_NS_ASSERTIONS = NO;
				ENABLE_STRICT_OBJC_MSGSEND = YES;
				ENABLE_USER_SCRIPT_SANDBOXING = YES;
				GCC_C_LANGUAGE_STANDARD = gnu17;
				GCC_NO_COMMON_BLOCKS = YES;
				GCC_WARN_64_TO_32_BIT_CONVERSION = YES;
				GCC_WARN_ABOUT_RETURN_TYPE = YES_ERROR;
				GCC_WARN_UNDECLARED_SELECTOR = YES;
				GCC_WARN_UNINITIALIZED_AUTOS = YES_AGGRESSIVE;
				GCC_WARN_UNUSED_FUNCTION = YES;
				GCC_WARN_UNUSED_VARIABLE = YES;
				LOCALIZATION_PREFERS_STRING_CATALOGS = YES;
				MTL_ENABLE_DEBUG_INFO = NO;
				MTL_FAST_MATH = YES;
				SWIFT_COMPILATION_MODE = wholemodule;
			};
			name = Release;
		};
		11DBB13F2CE5CC490071C317 /* Debug */ = {
			isa = XCBuildConfiguration;
			buildSettings = {
				ASSETCATALOG_COMPILER_APPICON_NAME = AppIcon;
				ASSETCATALOG_COMPILER_GLOBAL_ACCENT_COLOR_NAME = AccentColor;
				CODE_SIGN_ENTITLEMENTS = MrzScanner/MrzScanner.entitlements;
				CODE_SIGN_STYLE = Automatic;
				CURRENT_PROJECT_VERSION = 1;
				DEVELOPMENT_ASSET_PATHS = "\"MrzScanner/Preview Content\"";
				DEVELOPMENT_TEAM = W6PESGXW9M;
				ENABLE_HARDENED_RUNTIME = YES;
				ENABLE_PREVIEWS = YES;
				GENERATE_INFOPLIST_FILE = YES;
				INFOPLIST_KEY_NSCameraUsageDescription = "camera preview";
				"INFOPLIST_KEY_UIApplicationSceneManifest_Generation[sdk=iphoneos*]" = YES;
				"INFOPLIST_KEY_UIApplicationSceneManifest_Generation[sdk=iphonesimulator*]" = YES;
				"INFOPLIST_KEY_UIApplicationSupportsIndirectInputEvents[sdk=iphoneos*]" = YES;
				"INFOPLIST_KEY_UIApplicationSupportsIndirectInputEvents[sdk=iphonesimulator*]" = YES;
				"INFOPLIST_KEY_UILaunchScreen_Generation[sdk=iphoneos*]" = YES;
				"INFOPLIST_KEY_UILaunchScreen_Generation[sdk=iphonesimulator*]" = YES;
				"INFOPLIST_KEY_UIStatusBarStyle[sdk=iphoneos*]" = UIStatusBarStyleDefault;
				"INFOPLIST_KEY_UIStatusBarStyle[sdk=iphonesimulator*]" = UIStatusBarStyleDefault;
				INFOPLIST_KEY_UISupportedInterfaceOrientations_iPad = "UIInterfaceOrientationPortrait UIInterfaceOrientationPortraitUpsideDown UIInterfaceOrientationLandscapeLeft UIInterfaceOrientationLandscapeRight";
				INFOPLIST_KEY_UISupportedInterfaceOrientations_iPhone = "UIInterfaceOrientationPortrait UIInterfaceOrientationLandscapeLeft UIInterfaceOrientationLandscapeRight";
				IPHONEOS_DEPLOYMENT_TARGET = 16.6;
				LD_RUNPATH_SEARCH_PATHS = "@executable_path/Frameworks";
				"LD_RUNPATH_SEARCH_PATHS[sdk=macosx*]" = "@executable_path/../Frameworks";
				MACOSX_DEPLOYMENT_TARGET = 15.1;
				MARKETING_VERSION = 1.0;
				PRODUCT_BUNDLE_IDENTIFIER = com.dynamsoft.MrzScanner;
				PRODUCT_NAME = "$(TARGET_NAME)";
				SDKROOT = auto;
				SUPPORTED_PLATFORMS = "iphoneos iphonesimulator macosx xros xrsimulator";
				SWIFT_EMIT_LOC_STRINGS = YES;
				SWIFT_VERSION = 5.0;
				TARGETED_DEVICE_FAMILY = "1,2,7";
				XROS_DEPLOYMENT_TARGET = 2.1;
			};
			name = Debug;
		};
		11DBB1402CE5CC490071C317 /* Release */ = {
			isa = XCBuildConfiguration;
			buildSettings = {
				ASSETCATALOG_COMPILER_APPICON_NAME = AppIcon;
				ASSETCATALOG_COMPILER_GLOBAL_ACCENT_COLOR_NAME = AccentColor;
				CODE_SIGN_ENTITLEMENTS = MrzScanner/MrzScanner.entitlements;
				CODE_SIGN_STYLE = Automatic;
				CURRENT_PROJECT_VERSION = 1;
				DEVELOPMENT_ASSET_PATHS = "\"MrzScanner/Preview Content\"";
				DEVELOPMENT_TEAM = W6PESGXW9M;
				ENABLE_HARDENED_RUNTIME = YES;
				ENABLE_PREVIEWS = YES;
				GENERATE_INFOPLIST_FILE = YES;
				INFOPLIST_KEY_NSCameraUsageDescription = "camera preview";
				"INFOPLIST_KEY_UIApplicationSceneManifest_Generation[sdk=iphoneos*]" = YES;
				"INFOPLIST_KEY_UIApplicationSceneManifest_Generation[sdk=iphonesimulator*]" = YES;
				"INFOPLIST_KEY_UIApplicationSupportsIndirectInputEvents[sdk=iphoneos*]" = YES;
				"INFOPLIST_KEY_UIApplicationSupportsIndirectInputEvents[sdk=iphonesimulator*]" = YES;
				"INFOPLIST_KEY_UILaunchScreen_Generation[sdk=iphoneos*]" = YES;
				"INFOPLIST_KEY_UILaunchScreen_Generation[sdk=iphonesimulator*]" = YES;
				"INFOPLIST_KEY_UIStatusBarStyle[sdk=iphoneos*]" = UIStatusBarStyleDefault;
				"INFOPLIST_KEY_UIStatusBarStyle[sdk=iphonesimulator*]" = UIStatusBarStyleDefault;
				INFOPLIST_KEY_UISupportedInterfaceOrientations_iPad = "UIInterfaceOrientationPortrait UIInterfaceOrientationPortraitUpsideDown UIInterfaceOrientationLandscapeLeft UIInterfaceOrientationLandscapeRight";
				INFOPLIST_KEY_UISupportedInterfaceOrientations_iPhone = "UIInterfaceOrientationPortrait UIInterfaceOrientationLandscapeLeft UIInterfaceOrientationLandscapeRight";
				IPHONEOS_DEPLOYMENT_TARGET = 16.6;
				LD_RUNPATH_SEARCH_PATHS = "@executable_path/Frameworks";
				"LD_RUNPATH_SEARCH_PATHS[sdk=macosx*]" = "@executable_path/../Frameworks";
				MACOSX_DEPLOYMENT_TARGET = 15.1;
				MARKETING_VERSION = 1.0;
				PRODUCT_BUNDLE_IDENTIFIER = com.dynamsoft.MrzScanner;
				PRODUCT_NAME = "$(TARGET_NAME)";
				SDKROOT = auto;
				SUPPORTED_PLATFORMS = "iphoneos iphonesimulator macosx xros xrsimulator";
				SWIFT_EMIT_LOC_STRINGS = YES;
				SWIFT_VERSION = 5.0;
				TARGETED_DEVICE_FAMILY = "1,2,7";
				XROS_DEPLOYMENT_TARGET = 2.1;
			};
			name = Release;
		};
/* End XCBuildConfiguration section */

/* Begin XCConfigurationList section */
		11DBB12A2CE5CC470071C317 /* Build configuration list for PBXProject "MrzScanner" */ = {
			isa = XCConfigurationList;
			buildConfigurations = (
				11DBB13C2CE5CC490071C317 /* Debug */,
				11DBB13D2CE5CC490071C317 /* Release */,
			);
			defaultConfigurationIsVisible = 0;
			defaultConfigurationName = Release;
		};
		11DBB13E2CE5CC490071C317 /* Build configuration list for PBXNativeTarget "MrzScanner" */ = {
			isa = XCConfigurationList;
			buildConfigurations = (
				11DBB13F2CE5CC490071C317 /* Debug */,
				11DBB1402CE5CC490071C317 /* Release */,
			);
			defaultConfigurationIsVisible = 0;
			defaultConfigurationName = Release;
		};
/* End XCConfigurationList section */

/* Begin XCRemoteSwiftPackageReference section */
		11DBB1412CE5CE700071C317 /* XCRemoteSwiftPackageReference "capture-vision-spm" */ = {
			isa = XCRemoteSwiftPackageReference;
			repositoryURL = "https://github.com/Dynamsoft/capture-vision-spm";
			requirement = {
				kind = upToNextMajorVersion;
				minimumVersion = 2.4.2000;
			};
		};
/* End XCRemoteSwiftPackageReference section */

/* Begin XCSwiftPackageProductDependency section */
		11DBB1422CE5CE700071C317 /* DynamsoftBarcodeReader */ = {
			isa = XCSwiftPackageProductDependency;
			package = 11DBB1412CE5CE700071C317 /* XCRemoteSwiftPackageReference "capture-vision-spm" */;
			productName = DynamsoftBarcodeReader;
		};
		11DBB1442CE5CE700071C317 /* DynamsoftCameraEnhancer */ = {
			isa = XCSwiftPackageProductDependency;
			package = 11DBB1412CE5CE700071C317 /* XCRemoteSwiftPackageReference "capture-vision-spm" */;
			productName = DynamsoftCameraEnhancer;
		};
		11DBB1462CE5CE700071C317 /* DynamsoftCaptureVisionRouter */ = {
			isa = XCSwiftPackageProductDependency;
			package = 11DBB1412CE5CE700071C317 /* XCRemoteSwiftPackageReference "capture-vision-spm" */;
			productName = DynamsoftCaptureVisionRouter;
		};
		11DBB1482CE5CE700071C317 /* DynamsoftCodeParser */ = {
			isa = XCSwiftPackageProductDependency;
			package = 11DBB1412CE5CE700071C317 /* XCRemoteSwiftPackageReference "capture-vision-spm" */;
			productName = DynamsoftCodeParser;
		};
		11DBB14A2CE5CE700071C317 /* DynamsoftCodeParserDedicator */ = {
			isa = XCSwiftPackageProductDependency;
			package = 11DBB1412CE5CE700071C317 /* XCRemoteSwiftPackageReference "capture-vision-spm" */;
			productName = DynamsoftCodeParserDedicator;
		};
		11DBB14C2CE5CE700071C317 /* DynamsoftCore */ = {
			isa = XCSwiftPackageProductDependency;
			package = 11DBB1412CE5CE700071C317 /* XCRemoteSwiftPackageReference "capture-vision-spm" */;
			productName = DynamsoftCore;
		};
		11DBB14E2CE5CE700071C317 /* DynamsoftDocumentNormalizer */ = {
			isa = XCSwiftPackageProductDependency;
			package = 11DBB1412CE5CE700071C317 /* XCRemoteSwiftPackageReference "capture-vision-spm" */;
			productName = DynamsoftDocumentNormalizer;
		};
		11DBB1502CE5CE700071C317 /* DynamsoftImageProcessing */ = {
			isa = XCSwiftPackageProductDependency;
			package = 11DBB1412CE5CE700071C317 /* XCRemoteSwiftPackageReference "capture-vision-spm" */;
			productName = DynamsoftImageProcessing;
		};
		11DBB1522CE5CE700071C317 /* DynamsoftLabelRecognizer */ = {
			isa = XCSwiftPackageProductDependency;
			package = 11DBB1412CE5CE700071C317 /* XCRemoteSwiftPackageReference "capture-vision-spm" */;
			productName = DynamsoftLabelRecognizer;
		};
		11DBB1542CE5CE700071C317 /* DynamsoftLicense */ = {
			isa = XCSwiftPackageProductDependency;
			package = 11DBB1412CE5CE700071C317 /* XCRemoteSwiftPackageReference "capture-vision-spm" */;
			productName = DynamsoftLicense;
		};
		11DBB1562CE5CE700071C317 /* DynamsoftMRZ */ = {
			isa = XCSwiftPackageProductDependency;
			package = 11DBB1412CE5CE700071C317 /* XCRemoteSwiftPackageReference "capture-vision-spm" */;
			productName = DynamsoftMRZ;
		};
		11DBB1582CE5CE700071C317 /* DynamsoftNeuralNetwork */ = {
			isa = XCSwiftPackageProductDependency;
			package = 11DBB1412CE5CE700071C317 /* XCRemoteSwiftPackageReference "capture-vision-spm" */;
			productName = DynamsoftNeuralNetwork;
		};
		11DBB15A2CE5CE700071C317 /* DynamsoftUtility */ = {
			isa = XCSwiftPackageProductDependency;
			package = 11DBB1412CE5CE700071C317 /* XCRemoteSwiftPackageReference "capture-vision-spm" */;
			productName = DynamsoftUtility;
		};
		11DBB15C2CE5CE700071C317 /* DynamsoftVIN */ = {
			isa = XCSwiftPackageProductDependency;
			package = 11DBB1412CE5CE700071C317 /* XCRemoteSwiftPackageReference "capture-vision-spm" */;
			productName = DynamsoftVIN;
		};
/* End XCSwiftPackageProductDependency section */
	};
	rootObject = 11DBB1272CE5CC470071C317 /* Project object */;
}
