{
  "originHash" : "ec3b50548d38c19404bf86829aef700ea7a6e5b1fbeba042d790028bd3eccd9e",
  "pins" : [
    {
      "identity" : "mrz-scanner-spm",
      "kind" : "remoteSourceControl",
      "location" : "https://github.com/Dynamsoft/mrz-scanner-spm",
      "state" : {
        "revision" : "7b61bcafdbc6589c6e61a937914822325c3f6c2a",
        "version" : "3.0.0"
      }
    }
  ],
  "version" : 3
}
