// !$*UTF8*$!
{
	archiveVersion = 1;
	classes = {
	};
	objectVersion = 77;
	objects = {

/* Begin PBXBuildFile section */
		11B0E3902CEECE9300E3748D /* DynamsoftBarcodeReader in Frameworks */ = {isa = PBXBuildFile; platformFilter = ios; productRef = 11B0E38F2CEECE9300E3748D /* DynamsoftBarcodeReader */; };
		11B0E3922CEECE9300E3748D /* DynamsoftCameraEnhancer in Frameworks */ = {isa = PBXBuildFile; platformFilter = ios; productRef = 11B0E3912CEECE9300E3748D /* DynamsoftCameraEnhancer */; };
		11B0E3942CEECE9300E3748D /* DynamsoftCaptureVisionRouter in Frameworks */ = {isa = PBXBuildFile; platformFilter = ios; productRef = 11B0E3932CEECE9300E3748D /* DynamsoftCaptureVisionRouter */; };
		11B0E3962CEECE9300E3748D /* DynamsoftCodeParser in Frameworks */ = {isa = PBXBuildFile; platformFilter = ios; productRef = 11B0E3952CEECE9300E3748D /* DynamsoftCodeParser */; };
		11B0E3982CEECE9300E3748D /* DynamsoftCodeParserDedicator in Frameworks */ = {isa = PBXBuildFile; platformFilter = ios; productRef = 11B0E3972CEECE9300E3748D /* DynamsoftCodeParserDedicator */; };
		11B0E39A2CEECE9300E3748D /* DynamsoftCore in Frameworks */ = {isa = PBXBuildFile; platformFilter = ios; productRef = 11B0E3992CEECE9300E3748D /* DynamsoftCore */; };
		11B0E39C2CEECE9300E3748D /* DynamsoftDocumentNormalizer in Frameworks */ = {isa = PBXBuildFile; platformFilter = ios; productRef = 11B0E39B2CEECE9300E3748D /* DynamsoftDocumentNormalizer */; };
		11B0E39E2CEECE9300E3748D /* DynamsoftImageProcessing in Frameworks */ = {isa = PBXBuildFile; platformFilter = ios; productRef = 11B0E39D2CEECE9300E3748D /* DynamsoftImageProcessing */; };
		11B0E3A02CEECE9300E3748D /* DynamsoftLabelRecognizer in Frameworks */ = {isa = PBXBuildFile; platformFilter = ios; productRef = 11B0E39F2CEECE9300E3748D /* DynamsoftLabelRecognizer */; };
		11B0E3A22CEECE9300E3748D /* DynamsoftLicense in Frameworks */ = {isa = PBXBuildFile; platformFilter = ios; productRef = 11B0E3A12CEECE9300E3748D /* DynamsoftLicense */; };
		11B0E3A42CEECE9300E3748D /* DynamsoftMRZ in Frameworks */ = {isa = PBXBuildFile; platformFilter = ios; productRef = 11B0E3A32CEECE9300E3748D /* DynamsoftMRZ */; };
		11B0E3A62CEECE9300E3748D /* DynamsoftNeuralNetwork in Frameworks */ = {isa = PBXBuildFile; platformFilter = ios; productRef = 11B0E3A52CEECE9300E3748D /* DynamsoftNeuralNetwork */; };
		11B0E3A82CEECE9300E3748D /* DynamsoftUtility in Frameworks */ = {isa = PBXBuildFile; platformFilter = ios; productRef = 11B0E3A72CEECE9300E3748D /* DynamsoftUtility */; };
		11B0E3AA2CEECE9300E3748D /* DynamsoftVIN in Frameworks */ = {isa = PBXBuildFile; platformFilter = ios; productRef = 11B0E3A92CEECE9300E3748D /* DynamsoftVIN */; };
		11BD8F752CF45E2900C904FA /* libDynamicPdfCore.dylib in Frameworks */ = {isa = PBXBuildFile; fileRef = 11BD8F672CF45E2900C904FA /* libDynamicPdfCore.dylib */; platformFilters = (macos, ); };
		11BD8F762CF45E2900C904FA /* libDynamsoftCaptureVisionRouter.dylib in Frameworks */ = {isa = PBXBuildFile; fileRef = 11BD8F692CF45E2900C904FA /* libDynamsoftCaptureVisionRouter.dylib */; platformFilters = (macos, ); };
		11BD8F772CF45E2900C904FA /* libDynamsoftBarcodeReader.dylib in Frameworks */ = {isa = PBXBuildFile; fileRef = 11BD8F682CF45E2900C904FA /* libDynamsoftBarcodeReader.dylib */; platformFilters = (macos, ); };
		11BD8F782CF45E2900C904FA /* libDynamsoftLicense.dylib in Frameworks */ = {isa = PBXBuildFile; fileRef = 11BD8F702CF45E2900C904FA /* libDynamsoftLicense.dylib */; platformFilters = (macos, ); };
		11BD8F792CF45E2900C904FA /* libDynamsoftDocumentNormalizer.dylib in Frameworks */ = {isa = PBXBuildFile; fileRef = 11BD8F6D2CF45E2900C904FA /* libDynamsoftDocumentNormalizer.dylib */; platformFilters = (macos, ); };
		11BD8F7A2CF45E2900C904FA /* libDynamsoftCodeParserDedicator.dylib in Frameworks */ = {isa = PBXBuildFile; fileRef = 11BD8F6B2CF45E2900C904FA /* libDynamsoftCodeParserDedicator.dylib */; platformFilters = (macos, ); };
		11BD8F7B2CF45E2900C904FA /* libDynamicPdf.dylib in Frameworks */ = {isa = PBXBuildFile; fileRef = 11BD8F662CF45E2900C904FA /* libDynamicPdf.dylib */; platformFilters = (macos, ); };
		11BD8F7C2CF45E2900C904FA /* libDynamsoftUtility.dylib in Frameworks */ = {isa = PBXBuildFile; fileRef = 11BD8F722CF45E2900C904FA /* libDynamsoftUtility.dylib */; platformFilters = (macos, ); };
		11BD8F7D2CF45E2900C904FA /* libDynamicImagex64.dylib in Frameworks */ = {isa = PBXBuildFile; fileRef = 11BD8F652CF45E2900C904FA /* libDynamicImagex64.dylib */; platformFilters = (macos, ); };
		11BD8F7E2CF45E2900C904FA /* libDynamsoftNeuralNetwork.dylib in Frameworks */ = {isa = PBXBuildFile; fileRef = 11BD8F712CF45E2900C904FA /* libDynamsoftNeuralNetwork.dylib */; platformFilters = (macos, ); };
		11BD8F7F2CF45E2900C904FA /* libDynamsoftCore.dylib in Frameworks */ = {isa = PBXBuildFile; fileRef = 11BD8F6C2CF45E2900C904FA /* libDynamsoftCore.dylib */; platformFilters = (macos, ); };
		11BD8F802CF45E2900C904FA /* libDynamsoftImageProcessing.dylib in Frameworks */ = {isa = PBXBuildFile; fileRef = 11BD8F6E2CF45E2900C904FA /* libDynamsoftImageProcessing.dylib */; platformFilters = (macos, ); };
		11BD8F812CF45E2900C904FA /* libDynamsoftLabelRecognizer.dylib in Frameworks */ = {isa = PBXBuildFile; fileRef = 11BD8F6F2CF45E2900C904FA /* libDynamsoftLabelRecognizer.dylib */; platformFilters = (macos, ); };
		11BD8F822CF45E2900C904FA /* libDynamsoftCodeParser.dylib in Frameworks */ = {isa = PBXBuildFile; fileRef = 11BD8F6A2CF45E2900C904FA /* libDynamsoftCodeParser.dylib */; platformFilters = (macos, ); };
		11BD8F832CF45E8B00C904FA /* libDynamicImagex64.dylib in CopyFiles */ = {isa = PBXBuildFile; fileRef = 11BD8F652CF45E2900C904FA /* libDynamicImagex64.dylib */; platformFilters = (macos, ); settings = {ATTRIBUTES = (CodeSignOnCopy, ); }; };
		11BD8F842CF45E8B00C904FA /* libDynamicPdf.dylib in CopyFiles */ = {isa = PBXBuildFile; fileRef = 11BD8F662CF45E2900C904FA /* libDynamicPdf.dylib */; platformFilters = (macos, ); settings = {ATTRIBUTES = (CodeSignOnCopy, ); }; };
		11BD8F852CF45E8B00C904FA /* libDynamicPdfCore.dylib in CopyFiles */ = {isa = PBXBuildFile; fileRef = 11BD8F672CF45E2900C904FA /* libDynamicPdfCore.dylib */; platformFilters = (macos, ); settings = {ATTRIBUTES = (CodeSignOnCopy, ); }; };
		11BD8F862CF45E8B00C904FA /* libDynamsoftBarcodeReader.dylib in CopyFiles */ = {isa = PBXBuildFile; fileRef = 11BD8F682CF45E2900C904FA /* libDynamsoftBarcodeReader.dylib */; platformFilters = (macos, ); settings = {ATTRIBUTES = (CodeSignOnCopy, ); }; };
		11BD8F872CF45E8B00C904FA /* libDynamsoftCaptureVisionRouter.dylib in CopyFiles */ = {isa = PBXBuildFile; fileRef = 11BD8F692CF45E2900C904FA /* libDynamsoftCaptureVisionRouter.dylib */; platformFilters = (macos, ); settings = {ATTRIBUTES = (CodeSignOnCopy, ); }; };
		11BD8F882CF45E8B00C904FA /* libDynamsoftCodeParser.dylib in CopyFiles */ = {isa = PBXBuildFile; fileRef = 11BD8F6A2CF45E2900C904FA /* libDynamsoftCodeParser.dylib */; platformFilters = (macos, ); settings = {ATTRIBUTES = (CodeSignOnCopy, ); }; };
		11BD8F892CF45E8B00C904FA /* libDynamsoftCodeParserDedicator.dylib in CopyFiles */ = {isa = PBXBuildFile; fileRef = 11BD8F6B2CF45E2900C904FA /* libDynamsoftCodeParserDedicator.dylib */; platformFilters = (macos, ); settings = {ATTRIBUTES = (CodeSignOnCopy, ); }; };
		11BD8F8A2CF45E8B00C904FA /* libDynamsoftCore.dylib in CopyFiles */ = {isa = PBXBuildFile; fileRef = 11BD8F6C2CF45E2900C904FA /* libDynamsoftCore.dylib */; platformFilters = (macos, ); settings = {ATTRIBUTES = (CodeSignOnCopy, ); }; };
		11BD8F8B2CF45E8B00C904FA /* libDynamsoftDocumentNormalizer.dylib in CopyFiles */ = {isa = PBXBuildFile; fileRef = 11BD8F6D2CF45E2900C904FA /* libDynamsoftDocumentNormalizer.dylib */; platformFilters = (macos, ); settings = {ATTRIBUTES = (CodeSignOnCopy, ); }; };
		11BD8F8C2CF45E8B00C904FA /* libDynamsoftImageProcessing.dylib in CopyFiles */ = {isa = PBXBuildFile; fileRef = 11BD8F6E2CF45E2900C904FA /* libDynamsoftImageProcessing.dylib */; platformFilters = (macos, ); settings = {ATTRIBUTES = (CodeSignOnCopy, ); }; };
		11BD8F8D2CF45E8B00C904FA /* libDynamsoftLabelRecognizer.dylib in CopyFiles */ = {isa = PBXBuildFile; fileRef = 11BD8F6F2CF45E2900C904FA /* libDynamsoftLabelRecognizer.dylib */; platformFilters = (macos, ); settings = {ATTRIBUTES = (CodeSignOnCopy, ); }; };
		11BD8F8E2CF45E8B00C904FA /* libDynamsoftLicense.dylib in CopyFiles */ = {isa = PBXBuildFile; fileRef = 11BD8F702CF45E2900C904FA /* libDynamsoftLicense.dylib */; platformFilters = (macos, ); settings = {ATTRIBUTES = (CodeSignOnCopy, ); }; };
		11BD8F8F2CF45E8B00C904FA /* libDynamsoftNeuralNetwork.dylib in CopyFiles */ = {isa = PBXBuildFile; fileRef = 11BD8F712CF45E2900C904FA /* libDynamsoftNeuralNetwork.dylib */; platformFilters = (macos, ); settings = {ATTRIBUTES = (CodeSignOnCopy, ); }; };
		11BD8F902CF45E8B00C904FA /* libDynamsoftUtility.dylib in CopyFiles */ = {isa = PBXBuildFile; fileRef = 11BD8F722CF45E2900C904FA /* libDynamsoftUtility.dylib */; platformFilters = (macos, ); settings = {ATTRIBUTES = (CodeSignOnCopy, ); }; };
		11DBB1C02CEAE6E00071C317 /* dcv.mm in Sources */ = {isa = PBXBuildFile; fileRef = 11DBB1BF2CEAE6E00071C317 /* dcv.mm */; };
/* End PBXBuildFile section */

/* Begin PBXCopyFilesBuildPhase section */
		11DBB1CF2CEB0A2F0071C317 /* CopyFiles */ = {
			isa = PBXCopyFilesBuildPhase;
			buildActionMask = 12;
			dstPath = "";
			dstSubfolderSpec = 10;
			files = (
				11BD8F832CF45E8B00C904FA /* libDynamicImagex64.dylib in CopyFiles */,
				11BD8F842CF45E8B00C904FA /* libDynamicPdf.dylib in CopyFiles */,
				11BD8F852CF45E8B00C904FA /* libDynamicPdfCore.dylib in CopyFiles */,
				11BD8F862CF45E8B00C904FA /* libDynamsoftBarcodeReader.dylib in CopyFiles */,
				11BD8F872CF45E8B00C904FA /* libDynamsoftCaptureVisionRouter.dylib in CopyFiles */,
				11BD8F882CF45E8B00C904FA /* libDynamsoftCodeParser.dylib in CopyFiles */,
				11BD8F892CF45E8B00C904FA /* libDynamsoftCodeParserDedicator.dylib in CopyFiles */,
				11BD8F8A2CF45E8B00C904FA /* libDynamsoftCore.dylib in CopyFiles */,
				11BD8F8B2CF45E8B00C904FA /* libDynamsoftDocumentNormalizer.dylib in CopyFiles */,
				11BD8F8C2CF45E8B00C904FA /* libDynamsoftImageProcessing.dylib in CopyFiles */,
				11BD8F8D2CF45E8B00C904FA /* libDynamsoftLabelRecognizer.dylib in CopyFiles */,
				11BD8F8E2CF45E8B00C904FA /* libDynamsoftLicense.dylib in CopyFiles */,
				11BD8F8F2CF45E8B00C904FA /* libDynamsoftNeuralNetwork.dylib in CopyFiles */,
				11BD8F902CF45E8B00C904FA /* libDynamsoftUtility.dylib in CopyFiles */,
			);
			runOnlyForDeploymentPostprocessing = 0;
		};
		11DBB1F32CEB165B0071C317 /* CopyFiles */ = {
			isa = PBXCopyFilesBuildPhase;
			buildActionMask = 2147483647;
			dstPath = "";
			dstSubfolderSpec = 16;
			files = (
			);
			runOnlyForDeploymentPostprocessing = 0;
		};
/* End PBXCopyFilesBuildPhase section */

/* Begin PBXFileReference section */
		11BD8F5A2CF45E2900C904FA /* DynamsoftBarcodeReader.h */ = {isa = PBXFileReference; lastKnownFileType = sourcecode.c.h; path = DynamsoftBarcodeReader.h; sourceTree = "<group>"; };
		11BD8F5B2CF45E2900C904FA /* DynamsoftCaptureVisionRouter.h */ = {isa = PBXFileReference; lastKnownFileType = sourcecode.c.h; path = DynamsoftCaptureVisionRouter.h; sourceTree = "<group>"; };
		11BD8F5C2CF45E2900C904FA /* DynamsoftCodeParser.h */ = {isa = PBXFileReference; lastKnownFileType = sourcecode.c.h; path = DynamsoftCodeParser.h; sourceTree = "<group>"; };
		11BD8F5D2CF45E2900C904FA /* DynamsoftCore.h */ = {isa = PBXFileReference; lastKnownFileType = sourcecode.c.h; path = DynamsoftCore.h; sourceTree = "<group>"; };
		11BD8F5E2CF45E2900C904FA /* DynamsoftDocumentNormalizer.h */ = {isa = PBXFileReference; lastKnownFileType = sourcecode.c.h; path = DynamsoftDocumentNormalizer.h; sourceTree = "<group>"; };
		11BD8F5F2CF45E2900C904FA /* DynamsoftImageProcessing.h */ = {isa = PBXFileReference; lastKnownFileType = sourcecode.c.h; path = DynamsoftImageProcessing.h; sourceTree = "<group>"; };
		11BD8F602CF45E2900C904FA /* DynamsoftLabelRecognizer.h */ = {isa = PBXFileReference; lastKnownFileType = sourcecode.c.h; path = DynamsoftLabelRecognizer.h; sourceTree = "<group>"; };
		11BD8F612CF45E2900C904FA /* DynamsoftLicense.h */ = {isa = PBXFileReference; lastKnownFileType = sourcecode.c.h; path = DynamsoftLicense.h; sourceTree = "<group>"; };
		11BD8F622CF45E2900C904FA /* DynamsoftUtility.h */ = {isa = PBXFileReference; lastKnownFileType = sourcecode.c.h; path = DynamsoftUtility.h; sourceTree = "<group>"; };
		11BD8F652CF45E2900C904FA /* libDynamicImagex64.dylib */ = {isa = PBXFileReference; lastKnownFileType = "compiled.mach-o.dylib"; path = libDynamicImagex64.dylib; sourceTree = "<group>"; };
		11BD8F662CF45E2900C904FA /* libDynamicPdf.dylib */ = {isa = PBXFileReference; lastKnownFileType = "compiled.mach-o.dylib"; path = libDynamicPdf.dylib; sourceTree = "<group>"; };
		11BD8F672CF45E2900C904FA /* libDynamicPdfCore.dylib */ = {isa = PBXFileReference; lastKnownFileType = "compiled.mach-o.dylib"; path = libDynamicPdfCore.dylib; sourceTree = "<group>"; };
		11BD8F682CF45E2900C904FA /* libDynamsoftBarcodeReader.dylib */ = {isa = PBXFileReference; lastKnownFileType = "compiled.mach-o.dylib"; path = libDynamsoftBarcodeReader.dylib; sourceTree = "<group>"; };
		11BD8F692CF45E2900C904FA /* libDynamsoftCaptureVisionRouter.dylib */ = {isa = PBXFileReference; lastKnownFileType = "compiled.mach-o.dylib"; path = libDynamsoftCaptureVisionRouter.dylib; sourceTree = "<group>"; };
		11BD8F6A2CF45E2900C904FA /* libDynamsoftCodeParser.dylib */ = {isa = PBXFileReference; lastKnownFileType = "compiled.mach-o.dylib"; path = libDynamsoftCodeParser.dylib; sourceTree = "<group>"; };
		11BD8F6B2CF45E2900C904FA /* libDynamsoftCodeParserDedicator.dylib */ = {isa = PBXFileReference; lastKnownFileType = "compiled.mach-o.dylib"; path = libDynamsoftCodeParserDedicator.dylib; sourceTree = "<group>"; };
		11BD8F6C2CF45E2900C904FA /* libDynamsoftCore.dylib */ = {isa = PBXFileReference; lastKnownFileType = "compiled.mach-o.dylib"; path = libDynamsoftCore.dylib; sourceTree = "<group>"; };
		11BD8F6D2CF45E2900C904FA /* libDynamsoftDocumentNormalizer.dylib */ = {isa = PBXFileReference; lastKnownFileType = "compiled.mach-o.dylib"; path = libDynamsoftDocumentNormalizer.dylib; sourceTree = "<group>"; };
		11BD8F6E2CF45E2900C904FA /* libDynamsoftImageProcessing.dylib */ = {isa = PBXFileReference; lastKnownFileType = "compiled.mach-o.dylib"; path = libDynamsoftImageProcessing.dylib; sourceTree = "<group>"; };
		11BD8F6F2CF45E2900C904FA /* libDynamsoftLabelRecognizer.dylib */ = {isa = PBXFileReference; lastKnownFileType = "compiled.mach-o.dylib"; path = libDynamsoftLabelRecognizer.dylib; sourceTree = "<group>"; };
		11BD8F702CF45E2900C904FA /* libDynamsoftLicense.dylib */ = {isa = PBXFileReference; lastKnownFileType = "compiled.mach-o.dylib"; path = libDynamsoftLicense.dylib; sourceTree = "<group>"; };
		11BD8F712CF45E2900C904FA /* libDynamsoftNeuralNetwork.dylib */ = {isa = PBXFileReference; lastKnownFileType = "compiled.mach-o.dylib"; path = libDynamsoftNeuralNetwork.dylib; sourceTree = "<group>"; };
		11BD8F722CF45E2900C904FA /* libDynamsoftUtility.dylib */ = {isa = PBXFileReference; lastKnownFileType = "compiled.mach-o.dylib"; path = libDynamsoftUtility.dylib; sourceTree = "<group>"; };
		11BD8FC92CF56D5100C904FA /* template.h */ = {isa = PBXFileReference; lastKnownFileType = sourcecode.c.h; path = template.h; sourceTree = "<group>"; };
		11DBB10A2CE499970071C317 /* CaptureVision.app */ = {isa = PBXFileReference; explicitFileType = wrapper.application; includeInIndex = 0; path = CaptureVision.app; sourceTree = BUILT_PRODUCTS_DIR; };
		11DBB19B2CEAD2EF0071C317 /* DCV-Bridging-Header.h */ = {isa = PBXFileReference; lastKnownFileType = sourcecode.c.h; path = "DCV-Bridging-Header.h"; sourceTree = "<group>"; };
		11DBB1BF2CEAE6E00071C317 /* dcv.mm */ = {isa = PBXFileReference; lastKnownFileType = sourcecode.cpp.objcpp; path = dcv.mm; sourceTree = "<group>"; };
/* End PBXFileReference section */

/* Begin PBXFileSystemSynchronizedRootGroup section */
		11DBB10C2CE499970071C317 /* CaptureVision */ = {
			isa = PBXFileSystemSynchronizedRootGroup;
			path = CaptureVision;
			sourceTree = "<group>";
		};
/* End PBXFileSystemSynchronizedRootGroup section */

/* Begin PBXFrameworksBuildPhase section */
		11DBB1072CE499970071C317 /* Frameworks */ = {
			isa = PBXFrameworksBuildPhase;
			buildActionMask = 2147483647;
			files = (
				11B0E3A42CEECE9300E3748D /* DynamsoftMRZ in Frameworks */,
				11B0E3942CEECE9300E3748D /* DynamsoftCaptureVisionRouter in Frameworks */,
				11B0E3A02CEECE9300E3748D /* DynamsoftLabelRecognizer in Frameworks */,
				11B0E39C2CEECE9300E3748D /* DynamsoftDocumentNormalizer in Frameworks */,
				11B0E3962CEECE9300E3748D /* DynamsoftCodeParser in Frameworks */,
				11BD8F752CF45E2900C904FA /* libDynamicPdfCore.dylib in Frameworks */,
				11BD8F762CF45E2900C904FA /* libDynamsoftCaptureVisionRouter.dylib in Frameworks */,
				11BD8F772CF45E2900C904FA /* libDynamsoftBarcodeReader.dylib in Frameworks */,
				11BD8F782CF45E2900C904FA /* libDynamsoftLicense.dylib in Frameworks */,
				11BD8F792CF45E2900C904FA /* libDynamsoftDocumentNormalizer.dylib in Frameworks */,
				11BD8F7A2CF45E2900C904FA /* libDynamsoftCodeParserDedicator.dylib in Frameworks */,
				11BD8F7B2CF45E2900C904FA /* libDynamicPdf.dylib in Frameworks */,
				11BD8F7C2CF45E2900C904FA /* libDynamsoftUtility.dylib in Frameworks */,
				11BD8F7D2CF45E2900C904FA /* libDynamicImagex64.dylib in Frameworks */,
				11BD8F7E2CF45E2900C904FA /* libDynamsoftNeuralNetwork.dylib in Frameworks */,
				11BD8F7F2CF45E2900C904FA /* libDynamsoftCore.dylib in Frameworks */,
				11BD8F802CF45E2900C904FA /* libDynamsoftImageProcessing.dylib in Frameworks */,
				11BD8F812CF45E2900C904FA /* libDynamsoftLabelRecognizer.dylib in Frameworks */,
				11BD8F822CF45E2900C904FA /* libDynamsoftCodeParser.dylib in Frameworks */,
				11B0E3902CEECE9300E3748D /* DynamsoftBarcodeReader in Frameworks */,
				11B0E39E2CEECE9300E3748D /* DynamsoftImageProcessing in Frameworks */,
				11B0E3982CEECE9300E3748D /* DynamsoftCodeParserDedicator in Frameworks */,
				11B0E3A82CEECE9300E3748D /* DynamsoftUtility in Frameworks */,
				11B0E3922CEECE9300E3748D /* DynamsoftCameraEnhancer in Frameworks */,
				11B0E3A22CEECE9300E3748D /* DynamsoftLicense in Frameworks */,
				11B0E3AA2CEECE9300E3748D /* DynamsoftVIN in Frameworks */,
				11B0E3A62CEECE9300E3748D /* DynamsoftNeuralNetwork in Frameworks */,
				11B0E39A2CEECE9300E3748D /* DynamsoftCore in Frameworks */,
			);
			runOnlyForDeploymentPostprocessing = 0;
		};
/* End PBXFrameworksBuildPhase section */

/* Begin PBXGroup section */
		11BD8F642CF45E2900C904FA /* include */ = {
			isa = PBXGroup;
			children = (
				11BD8F5A2CF45E2900C904FA /* DynamsoftBarcodeReader.h */,
				11BD8F5B2CF45E2900C904FA /* DynamsoftCaptureVisionRouter.h */,
				11BD8F5C2CF45E2900C904FA /* DynamsoftCodeParser.h */,
				11BD8F5D2CF45E2900C904FA /* DynamsoftCore.h */,
				11BD8F5E2CF45E2900C904FA /* DynamsoftDocumentNormalizer.h */,
				11BD8F5F2CF45E2900C904FA /* DynamsoftImageProcessing.h */,
				11BD8F602CF45E2900C904FA /* DynamsoftLabelRecognizer.h */,
				11BD8F612CF45E2900C904FA /* DynamsoftLicense.h */,
				11BD8F622CF45E2900C904FA /* DynamsoftUtility.h */,
			);
			path = include;
			sourceTree = "<group>";
		};
		11BD8F732CF45E2900C904FA /* libs */ = {
			isa = PBXGroup;
			children = (
				11BD8F652CF45E2900C904FA /* libDynamicImagex64.dylib */,
				11BD8F662CF45E2900C904FA /* libDynamicPdf.dylib */,
				11BD8F672CF45E2900C904FA /* libDynamicPdfCore.dylib */,
				11BD8F682CF45E2900C904FA /* libDynamsoftBarcodeReader.dylib */,
				11BD8F692CF45E2900C904FA /* libDynamsoftCaptureVisionRouter.dylib */,
				11BD8F6A2CF45E2900C904FA /* libDynamsoftCodeParser.dylib */,
				11BD8F6B2CF45E2900C904FA /* libDynamsoftCodeParserDedicator.dylib */,
				11BD8F6C2CF45E2900C904FA /* libDynamsoftCore.dylib */,
				11BD8F6D2CF45E2900C904FA /* libDynamsoftDocumentNormalizer.dylib */,
				11BD8F6E2CF45E2900C904FA /* libDynamsoftImageProcessing.dylib */,
				11BD8F6F2CF45E2900C904FA /* libDynamsoftLabelRecognizer.dylib */,
				11BD8F702CF45E2900C904FA /* libDynamsoftLicense.dylib */,
				11BD8F712CF45E2900C904FA /* libDynamsoftNeuralNetwork.dylib */,
				11BD8F722CF45E2900C904FA /* libDynamsoftUtility.dylib */,
			);
			path = libs;
			sourceTree = "<group>";
		};
		11BD8F742CF45E2900C904FA /* dcv */ = {
			isa = PBXGroup;
			children = (
				11BD8F642CF45E2900C904FA /* include */,
				11BD8F732CF45E2900C904FA /* libs */,
			);
			name = dcv;
			path = ../dcv;
			sourceTree = SOURCE_ROOT;
		};
		11DBB1012CE499970071C317 = {
			isa = PBXGroup;
			children = (
				11BD8F742CF45E2900C904FA /* dcv */,
				11DBB1BF2CEAE6E00071C317 /* dcv.mm */,
				11BD8FC92CF56D5100C904FA /* template.h */,
				11DBB19B2CEAD2EF0071C317 /* DCV-Bridging-Header.h */,
				11DBB10C2CE499970071C317 /* CaptureVision */,
				11DBB1DB2CEB14B40071C317 /* Frameworks */,
				11DBB10B2CE499970071C317 /* Products */,
			);
			sourceTree = "<group>";
		};
		11DBB10B2CE499970071C317 /* Products */ = {
			isa = PBXGroup;
			children = (
				11DBB10A2CE499970071C317 /* CaptureVision.app */,
			);
			name = Products;
			sourceTree = "<group>";
		};
		11DBB1DB2CEB14B40071C317 /* Frameworks */ = {
			isa = PBXGroup;
			children = (
			);
			name = Frameworks;
			sourceTree = "<group>";
		};
/* End PBXGroup section */

/* Begin PBXNativeTarget section */
		11DBB1092CE499970071C317 /* CaptureVision */ = {
			isa = PBXNativeTarget;
			buildConfigurationList = 11DBB1192CE499980071C317 /* Build configuration list for PBXNativeTarget "CaptureVision" */;
			buildPhases = (
				11DBB1062CE499970071C317 /* Sources */,
				11DBB1072CE499970071C317 /* Frameworks */,
				11DBB1082CE499970071C317 /* Resources */,
				11DBB1CF2CEB0A2F0071C317 /* CopyFiles */,
				11DBB1F32CEB165B0071C317 /* CopyFiles */,
			);
			buildRules = (
			);
			dependencies = (
			);
			fileSystemSynchronizedGroups = (
				11DBB10C2CE499970071C317 /* CaptureVision */,
			);
			name = CaptureVision;
			packageProductDependencies = (
				11B0E38F2CEECE9300E3748D /* DynamsoftBarcodeReader */,
				11B0E3912CEECE9300E3748D /* DynamsoftCameraEnhancer */,
				11B0E3932CEECE9300E3748D /* DynamsoftCaptureVisionRouter */,
				11B0E3952CEECE9300E3748D /* DynamsoftCodeParser */,
				11B0E3972CEECE9300E3748D /* DynamsoftCodeParserDedicator */,
				11B0E3992CEECE9300E3748D /* DynamsoftCore */,
				11B0E39B2CEECE9300E3748D /* DynamsoftDocumentNormalizer */,
				11B0E39D2CEECE9300E3748D /* DynamsoftImageProcessing */,
				11B0E39F2CEECE9300E3748D /* DynamsoftLabelRecognizer */,
				11B0E3A12CEECE9300E3748D /* DynamsoftLicense */,
				11B0E3A32CEECE9300E3748D /* DynamsoftMRZ */,
				11B0E3A52CEECE9300E3748D /* DynamsoftNeuralNetwork */,
				11B0E3A72CEECE9300E3748D /* DynamsoftUtility */,
				11B0E3A92CEECE9300E3748D /* DynamsoftVIN */,
			);
			productName = CaptureVision;
			productReference = 11DBB10A2CE499970071C317 /* CaptureVision.app */;
			productType = "com.apple.product-type.application";
		};
/* End PBXNativeTarget section */

/* Begin PBXProject section */
		11DBB1022CE499970071C317 /* Project object */ = {
			isa = PBXProject;
			attributes = {
				BuildIndependentTargetsInParallel = 1;
				LastSwiftUpdateCheck = 1610;
				LastUpgradeCheck = 1610;
				TargetAttributes = {
					11DBB1092CE499970071C317 = {
						CreatedOnToolsVersion = 16.1;
						LastSwiftMigration = 1610;
					};
				};
			};
			buildConfigurationList = 11DBB1052CE499970071C317 /* Build configuration list for PBXProject "CaptureVision" */;
			developmentRegion = en;
			hasScannedForEncodings = 0;
			knownRegions = (
				en,
				Base,
			);
			mainGroup = 11DBB1012CE499970071C317;
			minimizedProjectReferenceProxies = 1;
			packageReferences = (
				11B0E38E2CEECE9300E3748D /* XCRemoteSwiftPackageReference "capture-vision-spm" */,
			);
			preferredProjectObjectVersion = 77;
			productRefGroup = 11DBB10B2CE499970071C317 /* Products */;
			projectDirPath = "";
			projectRoot = "";
			targets = (
				11DBB1092CE499970071C317 /* CaptureVision */,
			);
		};
/* End PBXProject section */

/* Begin PBXResourcesBuildPhase section */
		11DBB1082CE499970071C317 /* Resources */ = {
			isa = PBXResourcesBuildPhase;
			buildActionMask = 2147483647;
			files = (
			);
			runOnlyForDeploymentPostprocessing = 0;
		};
/* End PBXResourcesBuildPhase section */

/* Begin PBXSourcesBuildPhase section */
		11DBB1062CE499970071C317 /* Sources */ = {
			isa = PBXSourcesBuildPhase;
			buildActionMask = 2147483647;
			files = (
				11DBB1C02CEAE6E00071C317 /* dcv.mm in Sources */,
			);
			runOnlyForDeploymentPostprocessing = 0;
		};
/* End PBXSourcesBuildPhase section */

/* Begin XCBuildConfiguration section */
		11DBB1172CE499980071C317 /* Debug */ = {
			isa = XCBuildConfiguration;
			buildSettings = {
				ALWAYS_SEARCH_USER_PATHS = NO;
				ASSETCATALOG_COMPILER_GENERATE_SWIFT_ASSET_SYMBOL_EXTENSIONS = YES;
				CLANG_ANALYZER_NONNULL = YES;
				CLANG_ANALYZER_NUMBER_OBJECT_CONVERSION = YES_AGGRESSIVE;
				CLANG_CXX_LANGUAGE_STANDARD = "gnu++20";
				CLANG_ENABLE_MODULES = YES;
				CLANG_ENABLE_OBJC_ARC = YES;
				CLANG_ENABLE_OBJC_WEAK = YES;
				CLANG_WARN_BLOCK_CAPTURE_AUTORELEASING = YES;
				CLANG_WARN_BOOL_CONVERSION = YES;
				CLANG_WARN_COMMA = YES;
				CLANG_WARN_CONSTANT_CONVERSION = YES;
				CLANG_WARN_DEPRECATED_OBJC_IMPLEMENTATIONS = YES;
				CLANG_WARN_DIRECT_OBJC_ISA_USAGE = YES_ERROR;
				CLANG_WARN_DOCUMENTATION_COMMENTS = YES;
				CLANG_WARN_EMPTY_BODY = YES;
				CLANG_WARN_ENUM_CONVERSION = YES;
				CLANG_WARN_INFINITE_RECURSION = YES;
				CLANG_WARN_INT_CONVERSION = YES;
				CLANG_WARN_NON_LITERAL_NULL_CONVERSION = YES;
				CLANG_WARN_OBJC_IMPLICIT_RETAIN_SELF = YES;
				CLANG_WARN_OBJC_LITERAL_CONVERSION = YES;
				CLANG_WARN_OBJC_ROOT_CLASS = YES_ERROR;
				CLANG_WARN_QUOTED_INCLUDE_IN_FRAMEWORK_HEADER = YES;
				CLANG_WARN_RANGE_LOOP_ANALYSIS = YES;
				CLANG_WARN_STRICT_PROTOTYPES = YES;
				CLANG_WARN_SUSPICIOUS_MOVE = YES;
				CLANG_WARN_UNGUARDED_AVAILABILITY = YES_AGGRESSIVE;
				CLANG_WARN_UNREACHABLE_CODE = YES;
				CLANG_WARN__DUPLICATE_METHOD_MATCH = YES;
				COPY_PHASE_STRIP = NO;
				DEBUG_INFORMATION_FORMAT = dwarf;
				ENABLE_STRICT_OBJC_MSGSEND = YES;
				ENABLE_TESTABILITY = YES;
				ENABLE_USER_SCRIPT_SANDBOXING = YES;
				GCC_C_LANGUAGE_STANDARD = gnu17;
				GCC_DYNAMIC_NO_PIC = NO;
				GCC_NO_COMMON_BLOCKS = YES;
				GCC_OPTIMIZATION_LEVEL = 0;
				GCC_PREPROCESSOR_DEFINITIONS = (
					"DEBUG=1",
					"$(inherited)",
				);
				GCC_WARN_64_TO_32_BIT_CONVERSION = YES;
				GCC_WARN_ABOUT_RETURN_TYPE = YES_ERROR;
				GCC_WARN_UNDECLARED_SELECTOR = YES;
				GCC_WARN_UNINITIALIZED_AUTOS = YES_AGGRESSIVE;
				GCC_WARN_UNUSED_FUNCTION = YES;
				GCC_WARN_UNUSED_VARIABLE = YES;
				LOCALIZATION_PREFERS_STRING_CATALOGS = YES;
				MTL_ENABLE_DEBUG_INFO = INCLUDE_SOURCE;
				MTL_FAST_MATH = YES;
				ONLY_ACTIVE_ARCH = YES;
				SWIFT_ACTIVE_COMPILATION_CONDITIONS = "DEBUG $(inherited)";
				SWIFT_OPTIMIZATION_LEVEL = "-Onone";
			};
			name = Debug;
		};
		11DBB1182CE499980071C317 /* Release */ = {
			isa = XCBuildConfiguration;
			buildSettings = {
				ALWAYS_SEARCH_USER_PATHS = NO;
				ASSETCATALOG_COMPILER_GENERATE_SWIFT_ASSET_SYMBOL_EXTENSIONS = YES;
				CLANG_ANALYZER_NONNULL = YES;
				CLANG_ANALYZER_NUMBER_OBJECT_CONVERSION = YES_AGGRESSIVE;
				CLANG_CXX_LANGUAGE_STANDARD = "gnu++20";
				CLANG_ENABLE_MODULES = YES;
				CLANG_ENABLE_OBJC_ARC = YES;
				CLANG_ENABLE_OBJC_WEAK = YES;
				CLANG_WARN_BLOCK_CAPTURE_AUTORELEASING = YES;
				CLANG_WARN_BOOL_CONVERSION = YES;
				CLANG_WARN_COMMA = YES;
				CLANG_WARN_CONSTANT_CONVERSION = YES;
				CLANG_WARN_DEPRECATED_OBJC_IMPLEMENTATIONS = YES;
				CLANG_WARN_DIRECT_OBJC_ISA_USAGE = YES_ERROR;
				CLANG_WARN_DOCUMENTATION_COMMENTS = YES;
				CLANG_WARN_EMPTY_BODY = YES;
				CLANG_WARN_ENUM_CONVERSION = YES;
				CLANG_WARN_INFINITE_RECURSION = YES;
				CLANG_WARN_INT_CONVERSION = YES;
				CLANG_WARN_NON_LITERAL_NULL_CONVERSION = YES;
				CLANG_WARN_OBJC_IMPLICIT_RETAIN_SELF = YES;
				CLANG_WARN_OBJC_LITERAL_CONVERSION = YES;
				CLANG_WARN_OBJC_ROOT_CLASS = YES_ERROR;
				CLANG_WARN_QUOTED_INCLUDE_IN_FRAMEWORK_HEADER = YES;
				CLANG_WARN_RANGE_LOOP_ANALYSIS = YES;
				CLANG_WARN_STRICT_PROTOTYPES = YES;
				CLANG_WARN_SUSPICIOUS_MOVE = YES;
				CLANG_WARN_UNGUARDED_AVAILABILITY = YES_AGGRESSIVE;
				CLANG_WARN_UNREACHABLE_CODE = YES;
				CLANG_WARN__DUPLICATE_METHOD_MATCH = YES;
				COPY_PHASE_STRIP = NO;
				DEBUG_INFORMATION_FORMAT = "dwarf-with-dsym";
				ENABLE_NS_ASSERTIONS = NO;
				ENABLE_STRICT_OBJC_MSGSEND = YES;
				ENABLE_USER_SCRIPT_SANDBOXING = YES;
				GCC_C_LANGUAGE_STANDARD = gnu17;
				GCC_NO_COMMON_BLOCKS = YES;
				GCC_WARN_64_TO_32_BIT_CONVERSION = YES;
				GCC_WARN_ABOUT_RETURN_TYPE = YES_ERROR;
				GCC_WARN_UNDECLARED_SELECTOR = YES;
				GCC_WARN_UNINITIALIZED_AUTOS = YES_AGGRESSIVE;
				GCC_WARN_UNUSED_FUNCTION = YES;
				GCC_WARN_UNUSED_VARIABLE = YES;
				LOCALIZATION_PREFERS_STRING_CATALOGS = YES;
				MTL_ENABLE_DEBUG_INFO = NO;
				MTL_FAST_MATH = YES;
				SWIFT_COMPILATION_MODE = wholemodule;
			};
			name = Release;
		};
		11DBB11A2CE499980071C317 /* Debug */ = {
			isa = XCBuildConfiguration;
			buildSettings = {
				ASSETCATALOG_COMPILER_APPICON_NAME = AppIcon;
				ASSETCATALOG_COMPILER_GLOBAL_ACCENT_COLOR_NAME = AccentColor;
				CLANG_ENABLE_MODULES = YES;
				CODE_SIGN_ENTITLEMENTS = CaptureVision/CaptureVision.entitlements;
				CODE_SIGN_STYLE = Automatic;
				CURRENT_PROJECT_VERSION = 1;
				DEVELOPMENT_ASSET_PATHS = "\"CaptureVision/Preview Content\"";
				DEVELOPMENT_TEAM = W6PESGXW9M;
				ENABLE_HARDENED_RUNTIME = YES;
				ENABLE_PREVIEWS = YES;
				GENERATE_INFOPLIST_FILE = YES;
				HEADER_SEARCH_PATHS = ../dcv;
				INFOPLIST_KEY_NSCameraUsageDescription = "We need access to the camera to capture pictures.";
				"INFOPLIST_KEY_UIApplicationSceneManifest_Generation[sdk=iphoneos*]" = YES;
				"INFOPLIST_KEY_UIApplicationSceneManifest_Generation[sdk=iphonesimulator*]" = YES;
				"INFOPLIST_KEY_UIApplicationSupportsIndirectInputEvents[sdk=iphoneos*]" = YES;
				"INFOPLIST_KEY_UIApplicationSupportsIndirectInputEvents[sdk=iphonesimulator*]" = YES;
				"INFOPLIST_KEY_UILaunchScreen_Generation[sdk=iphoneos*]" = YES;
				"INFOPLIST_KEY_UILaunchScreen_Generation[sdk=iphonesimulator*]" = YES;
				"INFOPLIST_KEY_UIStatusBarStyle[sdk=iphoneos*]" = UIStatusBarStyleDefault;
				"INFOPLIST_KEY_UIStatusBarStyle[sdk=iphonesimulator*]" = UIStatusBarStyleDefault;
				INFOPLIST_KEY_UISupportedInterfaceOrientations_iPad = "UIInterfaceOrientationPortrait UIInterfaceOrientationPortraitUpsideDown UIInterfaceOrientationLandscapeLeft UIInterfaceOrientationLandscapeRight";
				INFOPLIST_KEY_UISupportedInterfaceOrientations_iPhone = "UIInterfaceOrientationPortrait UIInterfaceOrientationLandscapeLeft UIInterfaceOrientationLandscapeRight";
				IPHONEOS_DEPLOYMENT_TARGET = 16.6;
				LD_RUNPATH_SEARCH_PATHS = "@executable_path/Frameworks";
				"LD_RUNPATH_SEARCH_PATHS[sdk=macosx*]" = "@executable_path/../Frameworks";
				LIBRARY_SEARCH_PATHS = (
					"$(inherited)",
					"$(PROJECT_DIR)/../dcv/libs",
				);
				MACOSX_DEPLOYMENT_TARGET = 15.1;
				MARKETING_VERSION = 1.0;
				PRODUCT_BUNDLE_IDENTIFIER = com.dynamsoft.CaptureVision;
				PRODUCT_NAME = "$(TARGET_NAME)";
				SDKROOT = auto;
				SUPPORTED_PLATFORMS = "iphoneos iphonesimulator macosx xros xrsimulator";
				SWIFT_EMIT_LOC_STRINGS = YES;
				SWIFT_OBJC_BRIDGING_HEADER = "DCV-Bridging-Header.h";
				SWIFT_OPTIMIZATION_LEVEL = "-Onone";
				SWIFT_VERSION = 5.0;
				SYSTEM_HEADER_SEARCH_PATHS = "$(SRCROOT)/../dcv/include";
				TARGETED_DEVICE_FAMILY = "1,2,7";
				XROS_DEPLOYMENT_TARGET = 2.1;
			};
			name = Debug;
		};
		11DBB11B2CE499980071C317 /* Release */ = {
			isa = XCBuildConfiguration;
			buildSettings = {
				ASSETCATALOG_COMPILER_APPICON_NAME = AppIcon;
				ASSETCATALOG_COMPILER_GLOBAL_ACCENT_COLOR_NAME = AccentColor;
				CLANG_ENABLE_MODULES = YES;
				CODE_SIGN_ENTITLEMENTS = CaptureVision/CaptureVision.entitlements;
				CODE_SIGN_STYLE = Automatic;
				CURRENT_PROJECT_VERSION = 1;
				DEVELOPMENT_ASSET_PATHS = "\"CaptureVision/Preview Content\"";
				DEVELOPMENT_TEAM = W6PESGXW9M;
				ENABLE_HARDENED_RUNTIME = YES;
				ENABLE_PREVIEWS = YES;
				GENERATE_INFOPLIST_FILE = YES;
				HEADER_SEARCH_PATHS = ../dcv;
				INFOPLIST_KEY_NSCameraUsageDescription = "We need access to the camera to capture pictures.";
				"INFOPLIST_KEY_UIApplicationSceneManifest_Generation[sdk=iphoneos*]" = YES;
				"INFOPLIST_KEY_UIApplicationSceneManifest_Generation[sdk=iphonesimulator*]" = YES;
				"INFOPLIST_KEY_UIApplicationSupportsIndirectInputEvents[sdk=iphoneos*]" = YES;
				"INFOPLIST_KEY_UIApplicationSupportsIndirectInputEvents[sdk=iphonesimulator*]" = YES;
				"INFOPLIST_KEY_UILaunchScreen_Generation[sdk=iphoneos*]" = YES;
				"INFOPLIST_KEY_UILaunchScreen_Generation[sdk=iphonesimulator*]" = YES;
				"INFOPLIST_KEY_UIStatusBarStyle[sdk=iphoneos*]" = UIStatusBarStyleDefault;
				"INFOPLIST_KEY_UIStatusBarStyle[sdk=iphonesimulator*]" = UIStatusBarStyleDefault;
				INFOPLIST_KEY_UISupportedInterfaceOrientations_iPad = "UIInterfaceOrientationPortrait UIInterfaceOrientationPortraitUpsideDown UIInterfaceOrientationLandscapeLeft UIInterfaceOrientationLandscapeRight";
				INFOPLIST_KEY_UISupportedInterfaceOrientations_iPhone = "UIInterfaceOrientationPortrait UIInterfaceOrientationLandscapeLeft UIInterfaceOrientationLandscapeRight";
				IPHONEOS_DEPLOYMENT_TARGET = 16.6;
				LD_RUNPATH_SEARCH_PATHS = "@executable_path/Frameworks";
				"LD_RUNPATH_SEARCH_PATHS[sdk=macosx*]" = "@executable_path/../Frameworks";
				LIBRARY_SEARCH_PATHS = (
					"$(inherited)",
					"$(PROJECT_DIR)/../dcv/libs",
				);
				MACOSX_DEPLOYMENT_TARGET = 15.1;
				MARKETING_VERSION = 1.0;
				PRODUCT_BUNDLE_IDENTIFIER = com.dynamsoft.CaptureVision;
				PRODUCT_NAME = "$(TARGET_NAME)";
				SDKROOT = auto;
				SUPPORTED_PLATFORMS = "iphoneos iphonesimulator macosx xros xrsimulator";
				SWIFT_EMIT_LOC_STRINGS = YES;
				SWIFT_OBJC_BRIDGING_HEADER = "DCV-Bridging-Header.h";
				SWIFT_VERSION = 5.0;
				SYSTEM_HEADER_SEARCH_PATHS = "$(SRCROOT)/../dcv/include";
				TARGETED_DEVICE_FAMILY = "1,2,7";
				XROS_DEPLOYMENT_TARGET = 2.1;
			};
			name = Release;
		};
/* End XCBuildConfiguration section */

/* Begin XCConfigurationList section */
		11DBB1052CE499970071C317 /* Build configuration list for PBXProject "CaptureVision" */ = {
			isa = XCConfigurationList;
			buildConfigurations = (
				11DBB1172CE499980071C317 /* Debug */,
				11DBB1182CE499980071C317 /* Release */,
			);
			defaultConfigurationIsVisible = 0;
			defaultConfigurationName = Release;
		};
		11DBB1192CE499980071C317 /* Build configuration list for PBXNativeTarget "CaptureVision" */ = {
			isa = XCConfigurationList;
			buildConfigurations = (
				11DBB11A2CE499980071C317 /* Debug */,
				11DBB11B2CE499980071C317 /* Release */,
			);
			defaultConfigurationIsVisible = 0;
			defaultConfigurationName = Release;
		};
/* End XCConfigurationList section */

/* Begin XCRemoteSwiftPackageReference section */
		11B0E38E2CEECE9300E3748D /* XCRemoteSwiftPackageReference "capture-vision-spm" */ = {
			isa = XCRemoteSwiftPackageReference;
			repositoryURL = "https://github.com/Dynamsoft/capture-vision-spm";
			requirement = {
				kind = upToNextMajorVersion;
				minimumVersion = 2.4.2000;
			};
		};
/* End XCRemoteSwiftPackageReference section */

/* Begin XCSwiftPackageProductDependency section */
		11B0E38F2CEECE9300E3748D /* DynamsoftBarcodeReader */ = {
			isa = XCSwiftPackageProductDependency;
			package = 11B0E38E2CEECE9300E3748D /* XCRemoteSwiftPackageReference "capture-vision-spm" */;
			productName = DynamsoftBarcodeReader;
		};
		11B0E3912CEECE9300E3748D /* DynamsoftCameraEnhancer */ = {
			isa = XCSwiftPackageProductDependency;
			package = 11B0E38E2CEECE9300E3748D /* XCRemoteSwiftPackageReference "capture-vision-spm" */;
			productName = DynamsoftCameraEnhancer;
		};
		11B0E3932CEECE9300E3748D /* DynamsoftCaptureVisionRouter */ = {
			isa = XCSwiftPackageProductDependency;
			package = 11B0E38E2CEECE9300E3748D /* XCRemoteSwiftPackageReference "capture-vision-spm" */;
			productName = DynamsoftCaptureVisionRouter;
		};
		11B0E3952CEECE9300E3748D /* DynamsoftCodeParser */ = {
			isa = XCSwiftPackageProductDependency;
			package = 11B0E38E2CEECE9300E3748D /* XCRemoteSwiftPackageReference "capture-vision-spm" */;
			productName = DynamsoftCodeParser;
		};
		11B0E3972CEECE9300E3748D /* DynamsoftCodeParserDedicator */ = {
			isa = XCSwiftPackageProductDependency;
			package = 11B0E38E2CEECE9300E3748D /* XCRemoteSwiftPackageReference "capture-vision-spm" */;
			productName = DynamsoftCodeParserDedicator;
		};
		11B0E3992CEECE9300E3748D /* DynamsoftCore */ = {
			isa = XCSwiftPackageProductDependency;
			package = 11B0E38E2CEECE9300E3748D /* XCRemoteSwiftPackageReference "capture-vision-spm" */;
			productName = DynamsoftCore;
		};
		11B0E39B2CEECE9300E3748D /* DynamsoftDocumentNormalizer */ = {
			isa = XCSwiftPackageProductDependency;
			package = 11B0E38E2CEECE9300E3748D /* XCRemoteSwiftPackageReference "capture-vision-spm" */;
			productName = DynamsoftDocumentNormalizer;
		};
		11B0E39D2CEECE9300E3748D /* DynamsoftImageProcessing */ = {
			isa = XCSwiftPackageProductDependency;
			package = 11B0E38E2CEECE9300E3748D /* XCRemoteSwiftPackageReference "capture-vision-spm" */;
			productName = DynamsoftImageProcessing;
		};
		11B0E39F2CEECE9300E3748D /* DynamsoftLabelRecognizer */ = {
			isa = XCSwiftPackageProductDependency;
			package = 11B0E38E2CEECE9300E3748D /* XCRemoteSwiftPackageReference "capture-vision-spm" */;
			productName = DynamsoftLabelRecognizer;
		};
		11B0E3A12CEECE9300E3748D /* DynamsoftLicense */ = {
			isa = XCSwiftPackageProductDependency;
			package = 11B0E38E2CEECE9300E3748D /* XCRemoteSwiftPackageReference "capture-vision-spm" */;
			productName = DynamsoftLicense;
		};
		11B0E3A32CEECE9300E3748D /* DynamsoftMRZ */ = {
			isa = XCSwiftPackageProductDependency;
			package = 11B0E38E2CEECE9300E3748D /* XCRemoteSwiftPackageReference "capture-vision-spm" */;
			productName = DynamsoftMRZ;
		};
		11B0E3A52CEECE9300E3748D /* DynamsoftNeuralNetwork */ = {
			isa = XCSwiftPackageProductDependency;
			package = 11B0E38E2CEECE9300E3748D /* XCRemoteSwiftPackageReference "capture-vision-spm" */;
			productName = DynamsoftNeuralNetwork;
		};
		11B0E3A72CEECE9300E3748D /* DynamsoftUtility */ = {
			isa = XCSwiftPackageProductDependency;
			package = 11B0E38E2CEECE9300E3748D /* XCRemoteSwiftPackageReference "capture-vision-spm" */;
			productName = DynamsoftUtility;
		};
		11B0E3A92CEECE9300E3748D /* DynamsoftVIN */ = {
			isa = XCSwiftPackageProductDependency;
			package = 11B0E38E2CEECE9300E3748D /* XCRemoteSwiftPackageReference "capture-vision-spm" */;
			productName = DynamsoftVIN;
		};
/* End XCSwiftPackageProductDependency section */
	};
	rootObject = 11DBB1022CE499970071C317 /* Project object */;
}
